{
  "version": 4,
  "terraform_version": "0.12.28",
  "serial": 91,
  "lineage": "71ddebff-b57a-c49d-0791-7b27f95497a8",
  "outputs": {},
  "resources": [
    {
      "mode": "managed",
      "type": "azurerm_availability_set",
      "name": "avset",
      "provider": "provider.azurerm",
      "instances": [
        {
          "schema_version": 0,
          "attributes": {
            "id": "/subscriptions/ff04471a-bb4c-4a06-9ff0-fda4c38e5fbd/resourceGroups/RG-Networking-Demo/providers/Microsoft.Compute/availabilitySets/vmavset-spokevm",
            "location": "westus",
            "managed": true,
            "name": "vmavset-spokevm",
            "platform_fault_domain_count": 3,
            "platform_update_domain_count": 5,
            "proximity_placement_group_id": null,
            "resource_group_name": "RG-Networking-Demo",
            "tags": {},
            "timeouts": null
          },
          "private": "eyJlMmJmYjczMC1lY2FhLTExZTYtOGY4OC0zNDM2M2JjN2M0YzAiOnsiY3JlYXRlIjoxODAwMDAwMDAwMDAwLCJkZWxldGUiOjE4MDAwMDAwMDAwMDAsInJlYWQiOjMwMDAwMDAwMDAwMCwidXBkYXRlIjoxODAwMDAwMDAwMDAwfX0=",
          "dependencies": [
            "azurerm_resource_group.rg"
          ]
        }
      ]
    },
    {
      "mode": "managed",
      "type": "azurerm_bastion_host",
      "name": "bastionhost",
      "provider": "provider.azurerm",
      "instances": [
        {
          "schema_version": 0,
          "attributes": {
            "dns_name": "bst-96f99fc8-81a8-4e60-9d83-7ef7294d468e.bastion.azure.com",
            "id": "/subscriptions/ff04471a-bb4c-4a06-9ff0-fda4c38e5fbd/resourceGroups/RG-Networking-Demo/providers/Microsoft.Network/bastionHosts/demobastion",
            "ip_configuration": [
              {
                "name": "configuration",
                "public_ip_address_id": "/subscriptions/ff04471a-bb4c-4a06-9ff0-fda4c38e5fbd/resourceGroups/RG-Networking-Demo/providers/Microsoft.Network/publicIPAddresses/bastionpip",
                "subnet_id": "/subscriptions/ff04471a-bb4c-4a06-9ff0-fda4c38e5fbd/resourceGroups/RG-Networking-Demo/providers/Microsoft.Network/virtualNetworks/hubvnet/subnets/AzureBastionSubnet"
              }
            ],
            "location": "westus",
            "name": "demobastion",
            "resource_group_name": "RG-Networking-Demo",
            "tags": {},
            "timeouts": null
          },
          "private": "eyJlMmJmYjczMC1lY2FhLTExZTYtOGY4OC0zNDM2M2JjN2M0YzAiOnsiY3JlYXRlIjoxODAwMDAwMDAwMDAwLCJkZWxldGUiOjE4MDAwMDAwMDAwMDAsInJlYWQiOjMwMDAwMDAwMDAwMCwidXBkYXRlIjoxODAwMDAwMDAwMDAwfX0=",
          "dependencies": [
            "azurerm_public_ip.bastionpip",
            "azurerm_resource_group.rg",
            "azurerm_subnet.AzureBastionSubnet",
            "azurerm_virtual_network.hubvnet"
          ]
        }
      ]
    },
    {
      "mode": "managed",
      "type": "azurerm_firewall",
      "name": "azfirewall",
      "provider": "provider.azurerm",
      "instances": [
        {
          "schema_version": 0,
          "attributes": {
            "id": "/subscriptions/ff04471a-bb4c-4a06-9ff0-fda4c38e5fbd/resourceGroups/RG-Networking-Demo/providers/Microsoft.Network/azureFirewalls/demoazfirewall",
            "ip_configuration": [
              {
                "name": "configuration",
                "private_ip_address": "10.0.8.4",
                "public_ip_address_id": "/subscriptions/ff04471a-bb4c-4a06-9ff0-fda4c38e5fbd/resourceGroups/RG-Networking-Demo/providers/Microsoft.Network/publicIPAddresses/azfirewallpip",
                "subnet_id": "/subscriptions/ff04471a-bb4c-4a06-9ff0-fda4c38e5fbd/resourceGroups/RG-Networking-Demo/providers/Microsoft.Network/virtualNetworks/hubvnet/subnets/AzureFirewallSubnet"
              }
            ],
            "location": "westus",
            "name": "demoazfirewall",
            "resource_group_name": "RG-Networking-Demo",
            "tags": {},
            "timeouts": null,
            "zones": []
          },
          "private": "eyJlMmJmYjczMC1lY2FhLTExZTYtOGY4OC0zNDM2M2JjN2M0YzAiOnsiY3JlYXRlIjo1NDAwMDAwMDAwMDAwLCJkZWxldGUiOjU0MDAwMDAwMDAwMDAsInJlYWQiOjMwMDAwMDAwMDAwMCwidXBkYXRlIjo1NDAwMDAwMDAwMDAwfX0=",
          "dependencies": [
            "azurerm_availability_set.avset",
            "azurerm_network_interface.nic",
            "azurerm_public_ip.azfirewallpip",
            "azurerm_resource_group.rg",
            "azurerm_subnet.AzureFirewallSubnet",
            "azurerm_subnet.websubnet",
            "azurerm_virtual_machine_extension.extspoke",
            "azurerm_virtual_network.hubvnet",
            "azurerm_virtual_network.spokevnet",
            "azurerm_windows_virtual_machine.vmspoke"
          ]
        }
      ]
    },
    {
      "mode": "managed",
      "type": "azurerm_firewall_application_rule_collection",
      "name": "azfirewall-apprules",
      "provider": "provider.azurerm",
      "instances": [
        {
          "schema_version": 0,
          "attributes": {
            "action": "Allow",
            "azure_firewall_name": "demoazfirewall",
            "id": "/subscriptions/ff04471a-bb4c-4a06-9ff0-fda4c38e5fbd/resourceGroups/RG-Networking-Demo/providers/Microsoft.Network/azureFirewalls/demoazfirewall/applicationRuleCollections/app-allow-rule-websites",
            "name": "app-allow-rule-websites",
            "priority": 200,
            "resource_group_name": "RG-Networking-Demo",
            "rule": [
              {
                "description": "",
                "fqdn_tags": [],
                "name": "allow-microsoft",
                "protocol": [
                  {
                    "port": 443,
                    "type": "Https"
                  },
                  {
                    "port": 80,
                    "type": "Http"
                  }
                ],
                "source_addresses": [
                  "10.0.2.0/24",
                  "10.1.1.0/24"
                ],
                "target_fqdns": [
                  "*.azure.com",
                  "*.microsoft.com",
                  "*.windows.net"
                ]
              }
            ],
            "timeouts": null
          },
          "private": "eyJlMmJmYjczMC1lY2FhLTExZTYtOGY4OC0zNDM2M2JjN2M0YzAiOnsiY3JlYXRlIjoxODAwMDAwMDAwMDAwLCJkZWxldGUiOjE4MDAwMDAwMDAwMDAsInJlYWQiOjMwMDAwMDAwMDAwMCwidXBkYXRlIjoxODAwMDAwMDAwMDAwfX0=",
          "dependencies": [
            "azurerm_availability_set.avset",
            "azurerm_firewall.azfirewall",
            "azurerm_network_interface.nic",
            "azurerm_public_ip.azfirewallpip",
            "azurerm_resource_group.rg",
            "azurerm_subnet.AzureFirewallSubnet",
            "azurerm_subnet.websubnet",
            "azurerm_virtual_machine_extension.extspoke",
            "azurerm_virtual_network.hubvnet",
            "azurerm_virtual_network.spokevnet",
            "azurerm_windows_virtual_machine.vmspoke"
          ]
        }
      ]
    },
    {
      "mode": "managed",
      "type": "azurerm_firewall_nat_rule_collection",
      "name": "fd2fwnat",
      "provider": "provider.azurerm",
      "instances": [
        {
          "schema_version": 0,
          "attributes": {
            "action": "Dnat",
            "azure_firewall_name": "demoazfirewall",
            "id": "/subscriptions/ff04471a-bb4c-4a06-9ff0-fda4c38e5fbd/resourceGroups/RG-Networking-Demo/providers/Microsoft.Network/azureFirewalls/demoazfirewall/natRuleCollections/testcollection",
            "name": "testcollection",
            "priority": 200,
            "resource_group_name": "RG-Networking-Demo",
            "rule": [
              {
                "description": "",
                "destination_addresses": [
                  "52.155.42.0"
                ],
                "destination_ports": [
                  "80"
                ],
                "name": "fw2lbnat",
                "protocols": [
                  "TCP"
                ],
                "source_addresses": [
                  "*"
                ],
                "translated_address": "10.1.1.100",
                "translated_port": "80"
              }
            ],
            "timeouts": null
          },
          "private": "eyJlMmJmYjczMC1lY2FhLTExZTYtOGY4OC0zNDM2M2JjN2M0YzAiOnsiY3JlYXRlIjoxODAwMDAwMDAwMDAwLCJkZWxldGUiOjE4MDAwMDAwMDAwMDAsInJlYWQiOjMwMDAwMDAwMDAwMCwidXBkYXRlIjoxODAwMDAwMDAwMDAwfX0=",
          "dependencies": [
            "azurerm_availability_set.avset",
            "azurerm_firewall.azfirewall",
            "azurerm_network_interface.nic",
            "azurerm_public_ip.azfirewallpip",
            "azurerm_resource_group.rg",
            "azurerm_subnet.AzureFirewallSubnet",
            "azurerm_subnet.websubnet",
            "azurerm_virtual_machine_extension.extspoke",
            "azurerm_virtual_network.hubvnet",
            "azurerm_virtual_network.spokevnet",
            "azurerm_windows_virtual_machine.vmspoke"
          ]
        }
      ]
    },
    {
      "mode": "managed",
      "type": "azurerm_firewall_network_rule_collection",
      "name": "azfirewall-netrules",
      "provider": "provider.azurerm",
      "instances": [
        {
          "schema_version": 0,
          "attributes": {
            "action": "Allow",
            "azure_firewall_name": "demoazfirewall",
            "id": "/subscriptions/ff04471a-bb4c-4a06-9ff0-fda4c38e5fbd/resourceGroups/RG-Networking-Demo/providers/Microsoft.Network/azureFirewalls/demoazfirewall/networkRuleCollections/testcollection",
            "name": "testcollection",
            "priority": 200,
            "resource_group_name": "RG-Networking-Demo",
            "rule": [
              {
                "description": "",
                "destination_addresses": [
                  "168.63.129.16"
                ],
                "destination_ports": [
                  "53"
                ],
                "name": "net-allow-rule-dns",
                "protocols": [
                  "TCP",
                  "UDP"
                ],
                "source_addresses": [
                  "10.0.0.0/16",
                  "10.1.0.0/16"
                ]
              }
            ],
            "timeouts": null
          },
          "private": "eyJlMmJmYjczMC1lY2FhLTExZTYtOGY4OC0zNDM2M2JjN2M0YzAiOnsiY3JlYXRlIjoxODAwMDAwMDAwMDAwLCJkZWxldGUiOjE4MDAwMDAwMDAwMDAsInJlYWQiOjMwMDAwMDAwMDAwMCwidXBkYXRlIjoxODAwMDAwMDAwMDAwfX0=",
          "dependencies": [
            "azurerm_availability_set.avset",
            "azurerm_firewall.azfirewall",
            "azurerm_network_interface.nic",
            "azurerm_public_ip.azfirewallpip",
            "azurerm_resource_group.rg",
            "azurerm_subnet.AzureFirewallSubnet",
            "azurerm_subnet.websubnet",
            "azurerm_virtual_machine_extension.extspoke",
            "azurerm_virtual_network.hubvnet",
            "azurerm_virtual_network.spokevnet",
            "azurerm_windows_virtual_machine.vmspoke"
          ]
        }
      ]
    },
    {
      "mode": "managed",
      "type": "azurerm_frontdoor",
      "name": "azfrontdoor",
      "provider": "provider.azurerm",
      "instances": [
        {
          "schema_version": 0,
          "attributes": {
            "backend_pool": [
              {
                "backend": [
                  {
                    "address": "52.155.42.0",
                    "enabled": true,
                    "host_header": "mytest",
                    "http_port": 80,
                    "https_port": 443,
                    "priority": 1,
                    "weight": 50
                  }
                ],
                "health_probe_name": "exampleHealthProbeSetting1",
                "id": "/subscriptions/ff04471a-bb4c-4a06-9ff0-fda4c38e5fbd/resourcegroups/RG-Networking-Demo/providers/Microsoft.Network/Frontdoors/yuhattor/BackendPools/exampleBackend",
                "load_balancing_name": "exampleLoadBalancingSettings1",
                "name": "exampleBackend"
              }
            ],
            "backend_pool_health_probe": [
              {
                "id": "/subscriptions/ff04471a-bb4c-4a06-9ff0-fda4c38e5fbd/resourcegroups/RG-Networking-Demo/providers/Microsoft.Network/Frontdoors/yuhattor/HealthProbeSettings/exampleHealthProbeSetting1",
                "interval_in_seconds": 120,
                "name": "exampleHealthProbeSetting1",
                "path": "/",
                "protocol": "Http"
              }
            ],
            "backend_pool_load_balancing": [
              {
                "additional_latency_milliseconds": 0,
                "id": "/subscriptions/ff04471a-bb4c-4a06-9ff0-fda4c38e5fbd/resourcegroups/RG-Networking-Demo/providers/Microsoft.Network/Frontdoors/yuhattor/LoadBalancingSettings/exampleLoadBalancingSettings1",
                "name": "exampleLoadBalancingSettings1",
                "sample_size": 4,
                "successful_samples_required": 2
              }
            ],
            "cname": "yuhattor.azurefd.net",
            "enforce_backend_pools_certificate_name_check": false,
            "friendly_name": "",
            "frontend_endpoint": [
              {
                "custom_https_configuration": [],
                "custom_https_provisioning_enabled": false,
                "host_name": "yuhattor.azurefd.net",
                "id": "/subscriptions/ff04471a-bb4c-4a06-9ff0-fda4c38e5fbd/resourcegroups/RG-Networking-Demo/providers/Microsoft.Network/frontdoors/yuhattor/frontendendpoints/exampleFrontendEndpoint1",
                "name": "exampleFrontendEndpoint1",
                "session_affinity_enabled": false,
                "session_affinity_ttl_seconds": 0,
                "web_application_firewall_policy_link_id": ""
              }
            ],
            "id": "/subscriptions/ff04471a-bb4c-4a06-9ff0-fda4c38e5fbd/resourcegroups/RG-Networking-Demo/providers/Microsoft.Network/frontdoors/yuhattor",
            "load_balancer_enabled": true,
            "location": "global",
            "name": "yuhattor",
            "resource_group_name": "RG-Networking-Demo",
            "routing_rule": [
              {
                "accepted_protocols": [
                  "Http"
                ],
                "enabled": true,
                "forwarding_configuration": [
                  {
                    "backend_pool_name": "exampleBackend",
                    "cache_enabled": false,
                    "cache_query_parameter_strip_directive": "StripAll",
                    "cache_use_dynamic_compression": false,
                    "custom_forwarding_path": "",
                    "forwarding_protocol": "HttpOnly"
                  }
                ],
                "frontend_endpoints": [
                  "exampleFrontendEndpoint1"
                ],
                "id": "/subscriptions/ff04471a-bb4c-4a06-9ff0-fda4c38e5fbd/resourcegroups/RG-Networking-Demo/providers/Microsoft.Network/Frontdoors/yuhattor/RoutingRules/exampleRoutingRule1",
                "name": "exampleRoutingRule1",
                "patterns_to_match": [
                  "/*"
                ],
                "redirect_configuration": []
              }
            ],
            "tags": null,
            "timeouts": null
          },
          "private": "eyJlMmJmYjczMC1lY2FhLTExZTYtOGY4OC0zNDM2M2JjN2M0YzAiOnsiY3JlYXRlIjoyMTYwMDAwMDAwMDAwMCwiZGVsZXRlIjoyMTYwMDAwMDAwMDAwMCwicmVhZCI6MzAwMDAwMDAwMDAwLCJ1cGRhdGUiOjIxNjAwMDAwMDAwMDAwfX0=",
          "dependencies": [
            "azurerm_public_ip.azfirewallpip",
            "azurerm_resource_group.rg"
          ]
        }
      ]
    },
    {
      "mode": "managed",
      "type": "azurerm_lb",
      "name": "lbspokeweb",
      "provider": "provider.azurerm",
      "instances": [
        {
          "schema_version": 0,
          "attributes": {
            "frontend_ip_configuration": [
              {
                "id": "/subscriptions/ff04471a-bb4c-4a06-9ff0-fda4c38e5fbd/resourceGroups/RG-Networking-Demo/providers/Microsoft.Network/loadBalancers/lbspokeweb/frontendIPConfigurations/PrivateIPAddress",
                "inbound_nat_rules": [],
                "load_balancer_rules": [
                  "/subscriptions/ff04471a-bb4c-4a06-9ff0-fda4c38e5fbd/resourceGroups/RG-Networking-Demo/providers/Microsoft.Network/loadBalancers/lbspokeweb/loadBalancingRules/LBRule"
                ],
                "name": "PrivateIPAddress",
                "outbound_rules": [],
                "private_ip_address": "10.1.1.100",
                "private_ip_address_allocation": "Static",
                "public_ip_address_id": "",
                "public_ip_prefix_id": "",
                "subnet_id": "/subscriptions/ff04471a-bb4c-4a06-9ff0-fda4c38e5fbd/resourceGroups/RG-Networking-Demo/providers/Microsoft.Network/virtualNetworks/spokevnet/subnets/websubnet",
                "zones": []
              }
            ],
            "id": "/subscriptions/ff04471a-bb4c-4a06-9ff0-fda4c38e5fbd/resourceGroups/RG-Networking-Demo/providers/Microsoft.Network/loadBalancers/lbspokeweb",
            "location": "westus",
            "name": "lbspokeweb",
            "private_ip_address": "10.1.1.100",
            "private_ip_addresses": [
              "10.1.1.100"
            ],
            "resource_group_name": "RG-Networking-Demo",
            "sku": "Basic",
            "tags": {},
            "timeouts": null
          },
          "private": "eyJlMmJmYjczMC1lY2FhLTExZTYtOGY4OC0zNDM2M2JjN2M0YzAiOnsiY3JlYXRlIjoxODAwMDAwMDAwMDAwLCJkZWxldGUiOjE4MDAwMDAwMDAwMDAsInJlYWQiOjMwMDAwMDAwMDAwMCwidXBkYXRlIjoxODAwMDAwMDAwMDAwfX0=",
          "dependencies": [
            "azurerm_resource_group.rg",
            "azurerm_subnet.websubnet",
            "azurerm_virtual_network.spokevnet"
          ]
        }
      ]
    },
    {
      "mode": "managed",
      "type": "azurerm_lb_backend_address_pool",
      "name": "lb-backendpool",
      "provider": "provider.azurerm",
      "instances": [
        {
          "schema_version": 0,
          "attributes": {
            "backend_ip_configurations": [
              "/subscriptions/ff04471a-bb4c-4a06-9ff0-fda4c38e5fbd/resourceGroups/RG-Networking-Demo/providers/Microsoft.Network/networkInterfaces/azwsserver-NIC0/ipConfigurations/IPConfig1",
              "/subscriptions/ff04471a-bb4c-4a06-9ff0-fda4c38e5fbd/resourceGroups/RG-Networking-Demo/providers/Microsoft.Network/networkInterfaces/azwsserver-NIC1/ipConfigurations/IPConfig1"
            ],
            "id": "/subscriptions/ff04471a-bb4c-4a06-9ff0-fda4c38e5fbd/resourceGroups/RG-Networking-Demo/providers/Microsoft.Network/loadBalancers/lbspokeweb/backendAddressPools/BackEndAddressPool",
            "load_balancing_rules": [
              "/subscriptions/ff04471a-bb4c-4a06-9ff0-fda4c38e5fbd/resourceGroups/RG-Networking-Demo/providers/Microsoft.Network/loadBalancers/lbspokeweb/loadBalancingRules/LBRule"
            ],
            "loadbalancer_id": "/subscriptions/ff04471a-bb4c-4a06-9ff0-fda4c38e5fbd/resourceGroups/RG-Networking-Demo/providers/Microsoft.Network/loadBalancers/lbspokeweb",
            "name": "BackEndAddressPool",
            "resource_group_name": "RG-Networking-Demo",
            "timeouts": null
          },
          "private": "eyJlMmJmYjczMC1lY2FhLTExZTYtOGY4OC0zNDM2M2JjN2M0YzAiOnsiY3JlYXRlIjoxODAwMDAwMDAwMDAwLCJkZWxldGUiOjE4MDAwMDAwMDAwMDAsInJlYWQiOjMwMDAwMDAwMDAwMCwidXBkYXRlIjoxODAwMDAwMDAwMDAwfX0=",
          "dependencies": [
            "azurerm_lb.lbspokeweb",
            "azurerm_resource_group.rg",
            "azurerm_subnet.websubnet",
            "azurerm_virtual_network.spokevnet"
          ]
        }
      ]
    },
    {
      "mode": "managed",
      "type": "azurerm_lb_probe",
      "name": "lb_probe",
      "provider": "provider.azurerm",
      "instances": [
        {
          "schema_version": 0,
          "attributes": {
            "id": "/subscriptions/ff04471a-bb4c-4a06-9ff0-fda4c38e5fbd/resourceGroups/RG-Networking-Demo/providers/Microsoft.Network/loadBalancers/lbspokeweb/probes/tcpProbe",
            "interval_in_seconds": 5,
            "load_balancer_rules": [
              "/subscriptions/ff04471a-bb4c-4a06-9ff0-fda4c38e5fbd/resourceGroups/RG-Networking-Demo/providers/Microsoft.Network/loadBalancers/lbspokeweb/loadBalancingRules/LBRule"
            ],
            "loadbalancer_id": "/subscriptions/ff04471a-bb4c-4a06-9ff0-fda4c38e5fbd/resourceGroups/RG-Networking-Demo/providers/Microsoft.Network/loadBalancers/lbspokeweb",
            "name": "tcpProbe",
            "number_of_probes": 2,
            "port": 80,
            "protocol": "Tcp",
            "request_path": "",
            "resource_group_name": "RG-Networking-Demo",
            "timeouts": null
          },
          "private": "eyJlMmJmYjczMC1lY2FhLTExZTYtOGY4OC0zNDM2M2JjN2M0YzAiOnsiY3JlYXRlIjoxODAwMDAwMDAwMDAwLCJkZWxldGUiOjE4MDAwMDAwMDAwMDAsInJlYWQiOjMwMDAwMDAwMDAwMCwidXBkYXRlIjoxODAwMDAwMDAwMDAwfX0=",
          "dependencies": [
            "azurerm_lb.lbspokeweb",
            "azurerm_resource_group.rg",
            "azurerm_subnet.websubnet",
            "azurerm_virtual_network.spokevnet"
          ]
        }
      ]
    },
    {
      "mode": "managed",
      "type": "azurerm_lb_rule",
      "name": "lb_rule",
      "provider": "provider.azurerm",
      "instances": [
        {
          "schema_version": 0,
          "attributes": {
            "backend_address_pool_id": "/subscriptions/ff04471a-bb4c-4a06-9ff0-fda4c38e5fbd/resourceGroups/RG-Networking-Demo/providers/Microsoft.Network/loadBalancers/lbspokeweb/backendAddressPools/BackEndAddressPool",
            "backend_port": 80,
            "disable_outbound_snat": false,
            "enable_floating_ip": false,
            "enable_tcp_reset": false,
            "frontend_ip_configuration_id": "/subscriptions/ff04471a-bb4c-4a06-9ff0-fda4c38e5fbd/resourceGroups/RG-Networking-Demo/providers/Microsoft.Network/loadBalancers/lbspokeweb/frontendIPConfigurations/PrivateIPAddress",
            "frontend_ip_configuration_name": "PrivateIPAddress",
            "frontend_port": 80,
            "id": "/subscriptions/ff04471a-bb4c-4a06-9ff0-fda4c38e5fbd/resourceGroups/RG-Networking-Demo/providers/Microsoft.Network/loadBalancers/lbspokeweb/loadBalancingRules/LBRule",
            "idle_timeout_in_minutes": 5,
            "load_distribution": "Default",
            "loadbalancer_id": "/subscriptions/ff04471a-bb4c-4a06-9ff0-fda4c38e5fbd/resourceGroups/RG-Networking-Demo/providers/Microsoft.Network/loadBalancers/lbspokeweb",
            "name": "LBRule",
            "probe_id": "/subscriptions/ff04471a-bb4c-4a06-9ff0-fda4c38e5fbd/resourceGroups/RG-Networking-Demo/providers/Microsoft.Network/loadBalancers/lbspokeweb/probes/tcpProbe",
            "protocol": "Tcp",
            "resource_group_name": "RG-Networking-Demo",
            "timeouts": null
          },
          "private": "eyJlMmJmYjczMC1lY2FhLTExZTYtOGY4OC0zNDM2M2JjN2M0YzAiOnsiY3JlYXRlIjoxODAwMDAwMDAwMDAwLCJkZWxldGUiOjE4MDAwMDAwMDAwMDAsInJlYWQiOjMwMDAwMDAwMDAwMCwidXBkYXRlIjoxODAwMDAwMDAwMDAwfX0=",
          "dependencies": [
            "azurerm_lb.lbspokeweb",
            "azurerm_lb_backend_address_pool.lb-backendpool",
            "azurerm_lb_probe.lb_probe",
            "azurerm_resource_group.rg",
            "azurerm_subnet.websubnet",
            "azurerm_virtual_network.spokevnet"
          ]
        }
      ]
    },
    {
      "mode": "managed",
      "type": "azurerm_log_analytics_workspace",
      "name": "loganalytics",
      "provider": "provider.azurerm",
      "instances": [
        {
          "schema_version": 0,
          "attributes": {
            "id": "/subscriptions/ff04471a-bb4c-4a06-9ff0-fda4c38e5fbd/resourcegroups/rg-networking-demo/providers/microsoft.operationalinsights/workspaces/netdemo-loganalytics",
            "location": "westus",
            "name": "netdemo-loganalytics",
            "portal_url": "",
            "primary_shared_key": "GxUxH++Qs2TPqzpFFBCCD+TqGZDlEnuTJViPu3JblU7lJ58q1r0ZKlVOi8bT5Ry00LeQNjOvQxIX//wXvm3aoA==",
            "resource_group_name": "rg-networking-demo",
            "retention_in_days": 30,
            "secondary_shared_key": "iCtqi24wM9dBvAxjxyjdWmDblgPp5BkC4PwFZY7O8B1b+rT56ws4meMvS+PG6J5vgufmVBxoAWaZCbf83sOaTA==",
            "sku": "pergb2018",
            "tags": {},
            "timeouts": null,
            "workspace_id": "f9135953-d5b9-4586-be9f-6febcda069bc"
          },
          "private": "eyJlMmJmYjczMC1lY2FhLTExZTYtOGY4OC0zNDM2M2JjN2M0YzAiOnsiY3JlYXRlIjoxODAwMDAwMDAwMDAwLCJkZWxldGUiOjE4MDAwMDAwMDAwMDAsInJlYWQiOjMwMDAwMDAwMDAwMCwidXBkYXRlIjoxODAwMDAwMDAwMDAwfX0=",
          "dependencies": [
            "azurerm_resource_group.rg"
          ]
        }
      ]
    },
    {
      "mode": "managed",
      "type": "azurerm_network_interface",
      "name": "nic",
      "each": "list",
      "provider": "provider.azurerm",
      "instances": [
        {
          "index_key": 0,
          "schema_version": 0,
          "attributes": {
            "applied_dns_servers": [],
            "dns_servers": [],
            "enable_accelerated_networking": false,
            "enable_ip_forwarding": false,
            "id": "/subscriptions/ff04471a-bb4c-4a06-9ff0-fda4c38e5fbd/resourceGroups/RG-Networking-Demo/providers/Microsoft.Network/networkInterfaces/azwsserver-NIC0",
            "internal_dns_name_label": "",
            "ip_configuration": [
              {
                "name": "IPConfig1",
                "primary": true,
                "private_ip_address": "10.1.1.4",
                "private_ip_address_allocation": "Dynamic",
                "private_ip_address_version": "IPv4",
                "public_ip_address_id": "",
                "subnet_id": "/subscriptions/ff04471a-bb4c-4a06-9ff0-fda4c38e5fbd/resourceGroups/RG-Networking-Demo/providers/Microsoft.Network/virtualNetworks/spokevnet/subnets/websubnet"
              }
            ],
            "location": "westus",
            "mac_address": "00-22-48-08-20-56",
            "name": "azwsserver-NIC0",
            "private_ip_address": "10.1.1.4",
            "private_ip_addresses": [
              "10.1.1.4"
            ],
            "resource_group_name": "RG-Networking-Demo",
            "tags": {},
            "timeouts": null,
            "virtual_machine_id": "/subscriptions/ff04471a-bb4c-4a06-9ff0-fda4c38e5fbd/resourceGroups/RG-Networking-Demo/providers/Microsoft.Compute/virtualMachines/azwsserver0"
          },
          "private": "eyJlMmJmYjczMC1lY2FhLTExZTYtOGY4OC0zNDM2M2JjN2M0YzAiOnsiY3JlYXRlIjoxODAwMDAwMDAwMDAwLCJkZWxldGUiOjE4MDAwMDAwMDAwMDAsInJlYWQiOjMwMDAwMDAwMDAwMCwidXBkYXRlIjoxODAwMDAwMDAwMDAwfX0=",
          "dependencies": [
            "azurerm_resource_group.rg",
            "azurerm_subnet.websubnet",
            "azurerm_virtual_network.spokevnet"
          ]
        },
        {
          "index_key": 1,
          "schema_version": 0,
          "attributes": {
            "applied_dns_servers": [],
            "dns_servers": [],
            "enable_accelerated_networking": false,
            "enable_ip_forwarding": false,
            "id": "/subscriptions/ff04471a-bb4c-4a06-9ff0-fda4c38e5fbd/resourceGroups/RG-Networking-Demo/providers/Microsoft.Network/networkInterfaces/azwsserver-NIC1",
            "internal_dns_name_label": "",
            "ip_configuration": [
              {
                "name": "IPConfig1",
                "primary": true,
                "private_ip_address": "10.1.1.5",
                "private_ip_address_allocation": "Dynamic",
                "private_ip_address_version": "IPv4",
                "public_ip_address_id": "",
                "subnet_id": "/subscriptions/ff04471a-bb4c-4a06-9ff0-fda4c38e5fbd/resourceGroups/RG-Networking-Demo/providers/Microsoft.Network/virtualNetworks/spokevnet/subnets/websubnet"
              }
            ],
            "location": "westus",
            "mac_address": "00-22-48-08-24-53",
            "name": "azwsserver-NIC1",
            "private_ip_address": "10.1.1.5",
            "private_ip_addresses": [
              "10.1.1.5"
            ],
            "resource_group_name": "RG-Networking-Demo",
            "tags": {},
            "timeouts": null,
            "virtual_machine_id": "/subscriptions/ff04471a-bb4c-4a06-9ff0-fda4c38e5fbd/resourceGroups/RG-Networking-Demo/providers/Microsoft.Compute/virtualMachines/azwsserver1"
          },
          "private": "eyJlMmJmYjczMC1lY2FhLTExZTYtOGY4OC0zNDM2M2JjN2M0YzAiOnsiY3JlYXRlIjoxODAwMDAwMDAwMDAwLCJkZWxldGUiOjE4MDAwMDAwMDAwMDAsInJlYWQiOjMwMDAwMDAwMDAwMCwidXBkYXRlIjoxODAwMDAwMDAwMDAwfX0=",
          "dependencies": [
            "azurerm_resource_group.rg",
            "azurerm_subnet.websubnet",
            "azurerm_virtual_network.spokevnet"
          ]
        }
      ]
    },
    {
      "mode": "managed",
      "type": "azurerm_network_interface",
      "name": "nichub",
      "provider": "provider.azurerm",
      "instances": [
        {
          "schema_version": 0,
          "attributes": {
            "applied_dns_servers": [],
            "dns_servers": [],
            "enable_accelerated_networking": false,
            "enable_ip_forwarding": false,
            "id": "/subscriptions/ff04471a-bb4c-4a06-9ff0-fda4c38e5fbd/resourceGroups/RG-Networking-Demo/providers/Microsoft.Network/networkInterfaces/azmngserver1-nic01",
            "internal_dns_name_label": "",
            "ip_configuration": [
              {
                "name": "IPConfig1",
                "primary": true,
                "private_ip_address": "10.0.2.4",
                "private_ip_address_allocation": "Dynamic",
                "private_ip_address_version": "IPv4",
                "public_ip_address_id": "",
                "subnet_id": "/subscriptions/ff04471a-bb4c-4a06-9ff0-fda4c38e5fbd/resourceGroups/RG-Networking-Demo/providers/Microsoft.Network/virtualNetworks/hubvnet/subnets/managementsubnet"
              }
            ],
            "location": "westus",
            "mac_address": "00-22-48-08-2E-74",
            "name": "azmngserver1-nic01",
            "private_ip_address": "10.0.2.4",
            "private_ip_addresses": [
              "10.0.2.4"
            ],
            "resource_group_name": "RG-Networking-Demo",
            "tags": {},
            "timeouts": null,
            "virtual_machine_id": "/subscriptions/ff04471a-bb4c-4a06-9ff0-fda4c38e5fbd/resourceGroups/RG-Networking-Demo/providers/Microsoft.Compute/virtualMachines/azmngserver1"
          },
          "private": "eyJlMmJmYjczMC1lY2FhLTExZTYtOGY4OC0zNDM2M2JjN2M0YzAiOnsiY3JlYXRlIjoxODAwMDAwMDAwMDAwLCJkZWxldGUiOjE4MDAwMDAwMDAwMDAsInJlYWQiOjMwMDAwMDAwMDAwMCwidXBkYXRlIjoxODAwMDAwMDAwMDAwfX0=",
          "dependencies": [
            "azurerm_resource_group.rg",
            "azurerm_subnet.managementsubnet",
            "azurerm_virtual_network.hubvnet"
          ]
        }
      ]
    },
    {
      "mode": "managed",
      "type": "azurerm_network_interface",
      "name": "nicop",
      "provider": "provider.azurerm",
      "instances": [
        {
          "schema_version": 0,
          "attributes": {
            "applied_dns_servers": [],
            "dns_servers": [],
            "enable_accelerated_networking": false,
            "enable_ip_forwarding": false,
            "id": "/subscriptions/ff04471a-bb4c-4a06-9ff0-fda4c38e5fbd/resourceGroups/RG-Networking-Demo/providers/Microsoft.Network/networkInterfaces/onpremserver1-nic01",
            "internal_dns_name_label": "",
            "ip_configuration": [
              {
                "name": "IPConfig1",
                "primary": true,
                "private_ip_address": "192.168.1.4",
                "private_ip_address_allocation": "Dynamic",
                "private_ip_address_version": "IPv4",
                "public_ip_address_id": "",
                "subnet_id": "/subscriptions/ff04471a-bb4c-4a06-9ff0-fda4c38e5fbd/resourceGroups/RG-Networking-Demo/providers/Microsoft.Network/virtualNetworks/onpremvnet/subnets/onpremSubnet"
              }
            ],
            "location": "westus",
            "mac_address": "00-22-48-08-B3-AD",
            "name": "onpremserver1-nic01",
            "private_ip_address": "192.168.1.4",
            "private_ip_addresses": [
              "192.168.1.4"
            ],
            "resource_group_name": "RG-Networking-Demo",
            "tags": {},
            "timeouts": null,
            "virtual_machine_id": "/subscriptions/ff04471a-bb4c-4a06-9ff0-fda4c38e5fbd/resourceGroups/RG-Networking-Demo/providers/Microsoft.Compute/virtualMachines/onpremserver1"
          },
          "private": "eyJlMmJmYjczMC1lY2FhLTExZTYtOGY4OC0zNDM2M2JjN2M0YzAiOnsiY3JlYXRlIjoxODAwMDAwMDAwMDAwLCJkZWxldGUiOjE4MDAwMDAwMDAwMDAsInJlYWQiOjMwMDAwMDAwMDAwMCwidXBkYXRlIjoxODAwMDAwMDAwMDAwfX0=",
          "dependencies": [
            "azurerm_resource_group.rg",
            "azurerm_subnet.onpremSubnet",
            "azurerm_virtual_network.onpremvnet"
          ]
        }
      ]
    },
    {
      "mode": "managed",
      "type": "azurerm_network_interface_backend_address_pool_association",
      "name": "backendassociation",
      "each": "list",
      "provider": "provider.azurerm",
      "instances": [
        {
          "index_key": 0,
          "schema_version": 0,
          "attributes": {
            "backend_address_pool_id": "/subscriptions/ff04471a-bb4c-4a06-9ff0-fda4c38e5fbd/resourceGroups/RG-Networking-Demo/providers/Microsoft.Network/loadBalancers/lbspokeweb/backendAddressPools/BackEndAddressPool",
            "id": "/subscriptions/ff04471a-bb4c-4a06-9ff0-fda4c38e5fbd/resourceGroups/RG-Networking-Demo/providers/Microsoft.Network/networkInterfaces/azwsserver-NIC0/ipConfigurations/IPConfig1|/subscriptions/ff04471a-bb4c-4a06-9ff0-fda4c38e5fbd/resourceGroups/RG-Networking-Demo/providers/Microsoft.Network/loadBalancers/lbspokeweb/backendAddressPools/BackEndAddressPool",
            "ip_configuration_name": "IPConfig1",
            "network_interface_id": "/subscriptions/ff04471a-bb4c-4a06-9ff0-fda4c38e5fbd/resourceGroups/RG-Networking-Demo/providers/Microsoft.Network/networkInterfaces/azwsserver-NIC0",
            "timeouts": null
          },
          "private": "eyJlMmJmYjczMC1lY2FhLTExZTYtOGY4OC0zNDM2M2JjN2M0YzAiOnsiY3JlYXRlIjoxODAwMDAwMDAwMDAwLCJkZWxldGUiOjE4MDAwMDAwMDAwMDAsInJlYWQiOjMwMDAwMDAwMDAwMCwidXBkYXRlIjoxODAwMDAwMDAwMDAwfX0=",
          "dependencies": [
            "azurerm_availability_set.avset",
            "azurerm_lb.lbspokeweb",
            "azurerm_lb_backend_address_pool.lb-backendpool",
            "azurerm_network_interface.nic",
            "azurerm_resource_group.rg",
            "azurerm_subnet.websubnet",
            "azurerm_virtual_machine_extension.extspoke",
            "azurerm_virtual_network.spokevnet",
            "azurerm_windows_virtual_machine.vmspoke"
          ]
        },
        {
          "index_key": 1,
          "schema_version": 0,
          "attributes": {
            "backend_address_pool_id": "/subscriptions/ff04471a-bb4c-4a06-9ff0-fda4c38e5fbd/resourceGroups/RG-Networking-Demo/providers/Microsoft.Network/loadBalancers/lbspokeweb/backendAddressPools/BackEndAddressPool",
            "id": "/subscriptions/ff04471a-bb4c-4a06-9ff0-fda4c38e5fbd/resourceGroups/RG-Networking-Demo/providers/Microsoft.Network/networkInterfaces/azwsserver-NIC1/ipConfigurations/IPConfig1|/subscriptions/ff04471a-bb4c-4a06-9ff0-fda4c38e5fbd/resourceGroups/RG-Networking-Demo/providers/Microsoft.Network/loadBalancers/lbspokeweb/backendAddressPools/BackEndAddressPool",
            "ip_configuration_name": "IPConfig1",
            "network_interface_id": "/subscriptions/ff04471a-bb4c-4a06-9ff0-fda4c38e5fbd/resourceGroups/RG-Networking-Demo/providers/Microsoft.Network/networkInterfaces/azwsserver-NIC1",
            "timeouts": null
          },
          "private": "eyJlMmJmYjczMC1lY2FhLTExZTYtOGY4OC0zNDM2M2JjN2M0YzAiOnsiY3JlYXRlIjoxODAwMDAwMDAwMDAwLCJkZWxldGUiOjE4MDAwMDAwMDAwMDAsInJlYWQiOjMwMDAwMDAwMDAwMCwidXBkYXRlIjoxODAwMDAwMDAwMDAwfX0=",
          "dependencies": [
            "azurerm_availability_set.avset",
            "azurerm_lb.lbspokeweb",
            "azurerm_lb_backend_address_pool.lb-backendpool",
            "azurerm_network_interface.nic",
            "azurerm_resource_group.rg",
            "azurerm_subnet.websubnet",
            "azurerm_virtual_machine_extension.extspoke",
            "azurerm_virtual_network.spokevnet",
            "azurerm_windows_virtual_machine.vmspoke"
          ]
        }
      ]
    },
    {
      "mode": "managed",
      "type": "azurerm_network_security_group",
      "name": "nsgmgmt",
      "provider": "provider.azurerm",
      "instances": [
        {
          "schema_version": 0,
          "attributes": {
            "id": "/subscriptions/ff04471a-bb4c-4a06-9ff0-fda4c38e5fbd/resourceGroups/RG-Networking-Demo/providers/Microsoft.Network/networkSecurityGroups/nsg_mgmt",
            "location": "westus",
            "name": "nsg_mgmt",
            "resource_group_name": "RG-Networking-Demo",
            "security_rule": [
              {
                "access": "Allow",
                "description": "",
                "destination_address_prefix": "*",
                "destination_address_prefixes": [],
                "destination_application_security_group_ids": [],
                "destination_port_range": "*",
                "destination_port_ranges": [],
                "direction": "Inbound",
                "name": "managment-in-allow_icmp",
                "priority": 120,
                "protocol": "Icmp",
                "source_address_prefix": "VirtualNetwork",
                "source_address_prefixes": [],
                "source_application_security_group_ids": [],
                "source_port_range": "*",
                "source_port_ranges": []
              },
              {
                "access": "Allow",
                "description": "",
                "destination_address_prefix": "*",
                "destination_address_prefixes": [],
                "destination_application_security_group_ids": [],
                "destination_port_range": "22",
                "destination_port_ranges": [],
                "direction": "Inbound",
                "name": "managment-in-allow_ssh",
                "priority": 100,
                "protocol": "Tcp",
                "source_address_prefix": "VirtualNetwork",
                "source_address_prefixes": [],
                "source_application_security_group_ids": [],
                "source_port_range": "*",
                "source_port_ranges": []
              },
              {
                "access": "Allow",
                "description": "",
                "destination_address_prefix": "*",
                "destination_address_prefixes": [],
                "destination_application_security_group_ids": [],
                "destination_port_range": "3389",
                "destination_port_ranges": [],
                "direction": "Inbound",
                "name": "managment-in-allow_rdp",
                "priority": 105,
                "protocol": "Tcp",
                "source_address_prefix": "VirtualNetwork",
                "source_address_prefixes": [],
                "source_application_security_group_ids": [],
                "source_port_range": "*",
                "source_port_ranges": []
              }
            ],
            "tags": {},
            "timeouts": null
          },
          "private": "eyJlMmJmYjczMC1lY2FhLTExZTYtOGY4OC0zNDM2M2JjN2M0YzAiOnsiY3JlYXRlIjoxODAwMDAwMDAwMDAwLCJkZWxldGUiOjE4MDAwMDAwMDAwMDAsInJlYWQiOjMwMDAwMDAwMDAwMCwidXBkYXRlIjoxODAwMDAwMDAwMDAwfX0=",
          "dependencies": [
            "azurerm_resource_group.rg"
          ]
        }
      ]
    },
    {
      "mode": "managed",
      "type": "azurerm_network_security_group",
      "name": "nsgweb",
      "provider": "provider.azurerm",
      "instances": [
        {
          "schema_version": 0,
          "attributes": {
            "id": "/subscriptions/ff04471a-bb4c-4a06-9ff0-fda4c38e5fbd/resourceGroups/RG-Networking-Demo/providers/Microsoft.Network/networkSecurityGroups/nsg_web",
            "location": "westus",
            "name": "nsg_web",
            "resource_group_name": "RG-Networking-Demo",
            "security_rule": [
              {
                "access": "Allow",
                "description": "",
                "destination_address_prefix": "*",
                "destination_address_prefixes": [],
                "destination_application_security_group_ids": [],
                "destination_port_range": "*",
                "destination_port_ranges": [],
                "direction": "Inbound",
                "name": "web-in-allow_icmp",
                "priority": 130,
                "protocol": "Icmp",
                "source_address_prefix": "VirtualNetwork",
                "source_address_prefixes": [],
                "source_application_security_group_ids": [],
                "source_port_range": "*",
                "source_port_ranges": []
              },
              {
                "access": "Allow",
                "description": "",
                "destination_address_prefix": "VirtualNetwork",
                "destination_address_prefixes": [],
                "destination_application_security_group_ids": [],
                "destination_port_range": "22",
                "destination_port_ranges": [],
                "direction": "Inbound",
                "name": "web-in-allow_ssh",
                "priority": 100,
                "protocol": "Tcp",
                "source_address_prefix": "*",
                "source_address_prefixes": [],
                "source_application_security_group_ids": [],
                "source_port_range": "*",
                "source_port_ranges": []
              },
              {
                "access": "Allow",
                "description": "",
                "destination_address_prefix": "VirtualNetwork",
                "destination_address_prefixes": [],
                "destination_application_security_group_ids": [],
                "destination_port_range": "3389",
                "destination_port_ranges": [],
                "direction": "Inbound",
                "name": "web-in-allow_rdp",
                "priority": 105,
                "protocol": "Tcp",
                "source_address_prefix": "*",
                "source_address_prefixes": [],
                "source_application_security_group_ids": [],
                "source_port_range": "*",
                "source_port_ranges": []
              },
              {
                "access": "Allow",
                "description": "",
                "destination_address_prefix": "VirtualNetwork",
                "destination_address_prefixes": [],
                "destination_application_security_group_ids": [],
                "destination_port_range": "443",
                "destination_port_ranges": [],
                "direction": "Inbound",
                "name": "web-in-allow_https",
                "priority": 125,
                "protocol": "Tcp",
                "source_address_prefix": "*",
                "source_address_prefixes": [],
                "source_application_security_group_ids": [],
                "source_port_range": "*",
                "source_port_ranges": []
              },
              {
                "access": "Allow",
                "description": "",
                "destination_address_prefix": "VirtualNetwork",
                "destination_address_prefixes": [],
                "destination_application_security_group_ids": [],
                "destination_port_range": "80",
                "destination_port_ranges": [],
                "direction": "Inbound",
                "name": "web-in-allow_http",
                "priority": 120,
                "protocol": "Tcp",
                "source_address_prefix": "*",
                "source_address_prefixes": [],
                "source_application_security_group_ids": [],
                "source_port_range": "*",
                "source_port_ranges": []
              }
            ],
            "tags": {},
            "timeouts": null
          },
          "private": "eyJlMmJmYjczMC1lY2FhLTExZTYtOGY4OC0zNDM2M2JjN2M0YzAiOnsiY3JlYXRlIjoxODAwMDAwMDAwMDAwLCJkZWxldGUiOjE4MDAwMDAwMDAwMDAsInJlYWQiOjMwMDAwMDAwMDAwMCwidXBkYXRlIjoxODAwMDAwMDAwMDAwfX0=",
          "dependencies": [
            "azurerm_resource_group.rg"
          ]
        }
      ]
    },
    {
      "mode": "managed",
      "type": "azurerm_network_security_rule",
      "name": "managment-in-allow_icmp",
      "provider": "provider.azurerm",
      "instances": [
        {
          "schema_version": 0,
          "attributes": {
            "access": "Allow",
            "description": "",
            "destination_address_prefix": "*",
            "destination_address_prefixes": [],
            "destination_application_security_group_ids": [],
            "destination_port_range": "*",
            "destination_port_ranges": [],
            "direction": "Inbound",
            "id": "/subscriptions/ff04471a-bb4c-4a06-9ff0-fda4c38e5fbd/resourceGroups/RG-Networking-Demo/providers/Microsoft.Network/networkSecurityGroups/nsg_mgmt/securityRules/managment-in-allow_icmp",
            "name": "managment-in-allow_icmp",
            "network_security_group_name": "nsg_mgmt",
            "priority": 120,
            "protocol": "Icmp",
            "resource_group_name": "RG-Networking-Demo",
            "source_address_prefix": "VirtualNetwork",
            "source_address_prefixes": [],
            "source_application_security_group_ids": [],
            "source_port_range": "*",
            "source_port_ranges": [],
            "timeouts": null
          },
          "private": "eyJlMmJmYjczMC1lY2FhLTExZTYtOGY4OC0zNDM2M2JjN2M0YzAiOnsiY3JlYXRlIjoxODAwMDAwMDAwMDAwLCJkZWxldGUiOjE4MDAwMDAwMDAwMDAsInJlYWQiOjMwMDAwMDAwMDAwMCwidXBkYXRlIjoxODAwMDAwMDAwMDAwfX0=",
          "dependencies": [
            "azurerm_network_security_group.nsgmgmt",
            "azurerm_resource_group.rg"
          ]
        }
      ]
    },
    {
      "mode": "managed",
      "type": "azurerm_network_security_rule",
      "name": "managment-in-allow_rdp",
      "provider": "provider.azurerm",
      "instances": [
        {
          "schema_version": 0,
          "attributes": {
            "access": "Allow",
            "description": "",
            "destination_address_prefix": "*",
            "destination_address_prefixes": [],
            "destination_application_security_group_ids": [],
            "destination_port_range": "3389",
            "destination_port_ranges": [],
            "direction": "Inbound",
            "id": "/subscriptions/ff04471a-bb4c-4a06-9ff0-fda4c38e5fbd/resourceGroups/RG-Networking-Demo/providers/Microsoft.Network/networkSecurityGroups/nsg_mgmt/securityRules/managment-in-allow_rdp",
            "name": "managment-in-allow_rdp",
            "network_security_group_name": "nsg_mgmt",
            "priority": 105,
            "protocol": "Tcp",
            "resource_group_name": "RG-Networking-Demo",
            "source_address_prefix": "VirtualNetwork",
            "source_address_prefixes": [],
            "source_application_security_group_ids": [],
            "source_port_range": "*",
            "source_port_ranges": [],
            "timeouts": null
          },
          "private": "eyJlMmJmYjczMC1lY2FhLTExZTYtOGY4OC0zNDM2M2JjN2M0YzAiOnsiY3JlYXRlIjoxODAwMDAwMDAwMDAwLCJkZWxldGUiOjE4MDAwMDAwMDAwMDAsInJlYWQiOjMwMDAwMDAwMDAwMCwidXBkYXRlIjoxODAwMDAwMDAwMDAwfX0=",
          "dependencies": [
            "azurerm_network_security_group.nsgmgmt",
            "azurerm_resource_group.rg"
          ]
        }
      ]
    },
    {
      "mode": "managed",
      "type": "azurerm_network_security_rule",
      "name": "managment-in-allow_ssh",
      "provider": "provider.azurerm",
      "instances": [
        {
          "schema_version": 0,
          "attributes": {
            "access": "Allow",
            "description": "",
            "destination_address_prefix": "*",
            "destination_address_prefixes": [],
            "destination_application_security_group_ids": [],
            "destination_port_range": "22",
            "destination_port_ranges": [],
            "direction": "Inbound",
            "id": "/subscriptions/ff04471a-bb4c-4a06-9ff0-fda4c38e5fbd/resourceGroups/RG-Networking-Demo/providers/Microsoft.Network/networkSecurityGroups/nsg_mgmt/securityRules/managment-in-allow_ssh",
            "name": "managment-in-allow_ssh",
            "network_security_group_name": "nsg_mgmt",
            "priority": 100,
            "protocol": "Tcp",
            "resource_group_name": "RG-Networking-Demo",
            "source_address_prefix": "VirtualNetwork",
            "source_address_prefixes": [],
            "source_application_security_group_ids": [],
            "source_port_range": "*",
            "source_port_ranges": [],
            "timeouts": null
          },
          "private": "eyJlMmJmYjczMC1lY2FhLTExZTYtOGY4OC0zNDM2M2JjN2M0YzAiOnsiY3JlYXRlIjoxODAwMDAwMDAwMDAwLCJkZWxldGUiOjE4MDAwMDAwMDAwMDAsInJlYWQiOjMwMDAwMDAwMDAwMCwidXBkYXRlIjoxODAwMDAwMDAwMDAwfX0=",
          "dependencies": [
            "azurerm_network_security_group.nsgmgmt",
            "azurerm_resource_group.rg"
          ]
        }
      ]
    },
    {
      "mode": "managed",
      "type": "azurerm_network_security_rule",
      "name": "web-in-allow_http",
      "provider": "provider.azurerm",
      "instances": [
        {
          "schema_version": 0,
          "attributes": {
            "access": "Allow",
            "description": "",
            "destination_address_prefix": "VirtualNetwork",
            "destination_address_prefixes": [],
            "destination_application_security_group_ids": [],
            "destination_port_range": "80",
            "destination_port_ranges": [],
            "direction": "Inbound",
            "id": "/subscriptions/ff04471a-bb4c-4a06-9ff0-fda4c38e5fbd/resourceGroups/RG-Networking-Demo/providers/Microsoft.Network/networkSecurityGroups/nsg_web/securityRules/web-in-allow_http",
            "name": "web-in-allow_http",
            "network_security_group_name": "nsg_web",
            "priority": 120,
            "protocol": "Tcp",
            "resource_group_name": "RG-Networking-Demo",
            "source_address_prefix": "*",
            "source_address_prefixes": [],
            "source_application_security_group_ids": [],
            "source_port_range": "*",
            "source_port_ranges": [],
            "timeouts": null
          },
          "private": "eyJlMmJmYjczMC1lY2FhLTExZTYtOGY4OC0zNDM2M2JjN2M0YzAiOnsiY3JlYXRlIjoxODAwMDAwMDAwMDAwLCJkZWxldGUiOjE4MDAwMDAwMDAwMDAsInJlYWQiOjMwMDAwMDAwMDAwMCwidXBkYXRlIjoxODAwMDAwMDAwMDAwfX0=",
          "dependencies": [
            "azurerm_network_security_group.nsgweb",
            "azurerm_resource_group.rg"
          ]
        }
      ]
    },
    {
      "mode": "managed",
      "type": "azurerm_network_security_rule",
      "name": "web-in-allow_https",
      "provider": "provider.azurerm",
      "instances": [
        {
          "schema_version": 0,
          "attributes": {
            "access": "Allow",
            "description": "",
            "destination_address_prefix": "VirtualNetwork",
            "destination_address_prefixes": [],
            "destination_application_security_group_ids": [],
            "destination_port_range": "443",
            "destination_port_ranges": [],
            "direction": "Inbound",
            "id": "/subscriptions/ff04471a-bb4c-4a06-9ff0-fda4c38e5fbd/resourceGroups/RG-Networking-Demo/providers/Microsoft.Network/networkSecurityGroups/nsg_web/securityRules/web-in-allow_https",
            "name": "web-in-allow_https",
            "network_security_group_name": "nsg_web",
            "priority": 125,
            "protocol": "Tcp",
            "resource_group_name": "RG-Networking-Demo",
            "source_address_prefix": "*",
            "source_address_prefixes": [],
            "source_application_security_group_ids": [],
            "source_port_range": "*",
            "source_port_ranges": [],
            "timeouts": null
          },
          "private": "eyJlMmJmYjczMC1lY2FhLTExZTYtOGY4OC0zNDM2M2JjN2M0YzAiOnsiY3JlYXRlIjoxODAwMDAwMDAwMDAwLCJkZWxldGUiOjE4MDAwMDAwMDAwMDAsInJlYWQiOjMwMDAwMDAwMDAwMCwidXBkYXRlIjoxODAwMDAwMDAwMDAwfX0=",
          "dependencies": [
            "azurerm_network_security_group.nsgweb",
            "azurerm_resource_group.rg"
          ]
        }
      ]
    },
    {
      "mode": "managed",
      "type": "azurerm_network_security_rule",
      "name": "web-in-allow_icmp",
      "provider": "provider.azurerm",
      "instances": [
        {
          "schema_version": 0,
          "attributes": {
            "access": "Allow",
            "description": "",
            "destination_address_prefix": "*",
            "destination_address_prefixes": [],
            "destination_application_security_group_ids": [],
            "destination_port_range": "*",
            "destination_port_ranges": [],
            "direction": "Inbound",
            "id": "/subscriptions/ff04471a-bb4c-4a06-9ff0-fda4c38e5fbd/resourceGroups/RG-Networking-Demo/providers/Microsoft.Network/networkSecurityGroups/nsg_web/securityRules/web-in-allow_icmp",
            "name": "web-in-allow_icmp",
            "network_security_group_name": "nsg_web",
            "priority": 130,
            "protocol": "Icmp",
            "resource_group_name": "RG-Networking-Demo",
            "source_address_prefix": "VirtualNetwork",
            "source_address_prefixes": [],
            "source_application_security_group_ids": [],
            "source_port_range": "*",
            "source_port_ranges": [],
            "timeouts": null
          },
          "private": "eyJlMmJmYjczMC1lY2FhLTExZTYtOGY4OC0zNDM2M2JjN2M0YzAiOnsiY3JlYXRlIjoxODAwMDAwMDAwMDAwLCJkZWxldGUiOjE4MDAwMDAwMDAwMDAsInJlYWQiOjMwMDAwMDAwMDAwMCwidXBkYXRlIjoxODAwMDAwMDAwMDAwfX0=",
          "dependencies": [
            "azurerm_network_security_group.nsgweb",
            "azurerm_resource_group.rg"
          ]
        }
      ]
    },
    {
      "mode": "managed",
      "type": "azurerm_network_security_rule",
      "name": "web-in-allow_rdp",
      "provider": "provider.azurerm",
      "instances": [
        {
          "schema_version": 0,
          "attributes": {
            "access": "Allow",
            "description": "",
            "destination_address_prefix": "VirtualNetwork",
            "destination_address_prefixes": [],
            "destination_application_security_group_ids": [],
            "destination_port_range": "3389",
            "destination_port_ranges": [],
            "direction": "Inbound",
            "id": "/subscriptions/ff04471a-bb4c-4a06-9ff0-fda4c38e5fbd/resourceGroups/RG-Networking-Demo/providers/Microsoft.Network/networkSecurityGroups/nsg_web/securityRules/web-in-allow_rdp",
            "name": "web-in-allow_rdp",
            "network_security_group_name": "nsg_web",
            "priority": 105,
            "protocol": "Tcp",
            "resource_group_name": "RG-Networking-Demo",
            "source_address_prefix": "*",
            "source_address_prefixes": [],
            "source_application_security_group_ids": [],
            "source_port_range": "*",
            "source_port_ranges": [],
            "timeouts": null
          },
          "private": "eyJlMmJmYjczMC1lY2FhLTExZTYtOGY4OC0zNDM2M2JjN2M0YzAiOnsiY3JlYXRlIjoxODAwMDAwMDAwMDAwLCJkZWxldGUiOjE4MDAwMDAwMDAwMDAsInJlYWQiOjMwMDAwMDAwMDAwMCwidXBkYXRlIjoxODAwMDAwMDAwMDAwfX0=",
          "dependencies": [
            "azurerm_network_security_group.nsgweb",
            "azurerm_resource_group.rg"
          ]
        }
      ]
    },
    {
      "mode": "managed",
      "type": "azurerm_network_security_rule",
      "name": "web-in-allow_ssh",
      "provider": "provider.azurerm",
      "instances": [
        {
          "schema_version": 0,
          "attributes": {
            "access": "Allow",
            "description": "",
            "destination_address_prefix": "VirtualNetwork",
            "destination_address_prefixes": [],
            "destination_application_security_group_ids": [],
            "destination_port_range": "22",
            "destination_port_ranges": [],
            "direction": "Inbound",
            "id": "/subscriptions/ff04471a-bb4c-4a06-9ff0-fda4c38e5fbd/resourceGroups/RG-Networking-Demo/providers/Microsoft.Network/networkSecurityGroups/nsg_web/securityRules/web-in-allow_ssh",
            "name": "web-in-allow_ssh",
            "network_security_group_name": "nsg_web",
            "priority": 100,
            "protocol": "Tcp",
            "resource_group_name": "RG-Networking-Demo",
            "source_address_prefix": "*",
            "source_address_prefixes": [],
            "source_application_security_group_ids": [],
            "source_port_range": "*",
            "source_port_ranges": [],
            "timeouts": null
          },
          "private": "eyJlMmJmYjczMC1lY2FhLTExZTYtOGY4OC0zNDM2M2JjN2M0YzAiOnsiY3JlYXRlIjoxODAwMDAwMDAwMDAwLCJkZWxldGUiOjE4MDAwMDAwMDAwMDAsInJlYWQiOjMwMDAwMDAwMDAwMCwidXBkYXRlIjoxODAwMDAwMDAwMDAwfX0=",
          "dependencies": [
            "azurerm_network_security_group.nsgweb",
            "azurerm_resource_group.rg"
          ]
        }
      ]
    },
    {
      "mode": "managed",
      "type": "azurerm_network_watcher",
      "name": "watcher",
      "provider": "provider.azurerm",
      "instances": [
        {
          "schema_version": 0,
          "attributes": {
            "id": "/subscriptions/ff04471a-bb4c-4a06-9ff0-fda4c38e5fbd/resourceGroups/RG-Networking-Demo/providers/Microsoft.Network/networkWatchers/demo-nwwatcher",
            "location": "westus",
            "name": "demo-nwwatcher",
            "resource_group_name": "RG-Networking-Demo",
            "tags": {},
            "timeouts": null
          },
          "private": "eyJlMmJmYjczMC1lY2FhLTExZTYtOGY4OC0zNDM2M2JjN2M0YzAiOnsiY3JlYXRlIjoxODAwMDAwMDAwMDAwLCJkZWxldGUiOjE4MDAwMDAwMDAwMDAsInJlYWQiOjMwMDAwMDAwMDAwMCwidXBkYXRlIjoxODAwMDAwMDAwMDAwfX0=",
          "dependencies": [
            "azurerm_resource_group.rg"
          ]
        }
      ]
    },
    {
      "mode": "managed",
      "type": "azurerm_network_watcher_flow_log",
      "name": "watcher-flow-mgmt",
      "provider": "provider.azurerm",
      "instances": [
        {
          "schema_version": 0,
          "attributes": {
            "enabled": true,
            "id": "/subscriptions/ff04471a-bb4c-4a06-9ff0-fda4c38e5fbd/resourceGroups/RG-Networking-Demo/providers/Microsoft.Network/networkWatchers/demo-nwwatcher/networkSecurityGroupId/subscriptions/ff04471a-bb4c-4a06-9ff0-fda4c38e5fbd/resourceGroups/RG-Networking-Demo/providers/Microsoft.Network/networkSecurityGroups/nsg_mgmt",
            "network_security_group_id": "/subscriptions/ff04471a-bb4c-4a06-9ff0-fda4c38e5fbd/resourceGroups/RG-Networking-Demo/providers/Microsoft.Network/networkSecurityGroups/nsg_mgmt",
            "network_watcher_name": "demo-nwwatcher",
            "resource_group_name": "RG-Networking-Demo",
            "retention_policy": [
              {
                "days": 7,
                "enabled": true
              }
            ],
            "storage_account_id": "/subscriptions/ff04471a-bb4c-4a06-9ff0-fda4c38e5fbd/resourceGroups/RG-Networking-Demo/providers/Microsoft.Storage/storageAccounts/petsae5ac158e3dda1f40",
            "timeouts": null,
            "traffic_analytics": [
              {
                "enabled": true,
                "workspace_id": "f9135953-d5b9-4586-be9f-6febcda069bc",
                "workspace_region": "westus",
                "workspace_resource_id": "/subscriptions/ff04471a-bb4c-4a06-9ff0-fda4c38e5fbd/resourcegroups/rg-networking-demo/providers/microsoft.operationalinsights/workspaces/netdemo-loganalytics"
              }
            ],
            "version": 1
          },
          "private": "eyJlMmJmYjczMC1lY2FhLTExZTYtOGY4OC0zNDM2M2JjN2M0YzAiOnsiY3JlYXRlIjoxODAwMDAwMDAwMDAwLCJkZWxldGUiOjE4MDAwMDAwMDAwMDAsInJlYWQiOjMwMDAwMDAwMDAwMCwidXBkYXRlIjoxODAwMDAwMDAwMDAwfX0=",
          "dependencies": [
            "azurerm_log_analytics_workspace.loganalytics",
            "azurerm_network_security_group.nsgmgmt",
            "azurerm_network_watcher.watcher",
            "azurerm_resource_group.rg",
            "azurerm_storage_account.storageaccount",
            "random_id.randomId"
          ]
        }
      ]
    },
    {
      "mode": "managed",
      "type": "azurerm_network_watcher_flow_log",
      "name": "watcher-flow-web",
      "provider": "provider.azurerm",
      "instances": [
        {
          "schema_version": 0,
          "attributes": {
            "enabled": true,
            "id": "/subscriptions/ff04471a-bb4c-4a06-9ff0-fda4c38e5fbd/resourceGroups/RG-Networking-Demo/providers/Microsoft.Network/networkWatchers/demo-nwwatcher/networkSecurityGroupId/subscriptions/ff04471a-bb4c-4a06-9ff0-fda4c38e5fbd/resourceGroups/RG-Networking-Demo/providers/Microsoft.Network/networkSecurityGroups/nsg_web",
            "network_security_group_id": "/subscriptions/ff04471a-bb4c-4a06-9ff0-fda4c38e5fbd/resourceGroups/RG-Networking-Demo/providers/Microsoft.Network/networkSecurityGroups/nsg_web",
            "network_watcher_name": "demo-nwwatcher",
            "resource_group_name": "RG-Networking-Demo",
            "retention_policy": [
              {
                "days": 7,
                "enabled": true
              }
            ],
            "storage_account_id": "/subscriptions/ff04471a-bb4c-4a06-9ff0-fda4c38e5fbd/resourceGroups/RG-Networking-Demo/providers/Microsoft.Storage/storageAccounts/petsae5ac158e3dda1f40",
            "timeouts": null,
            "traffic_analytics": [
              {
                "enabled": true,
                "workspace_id": "f9135953-d5b9-4586-be9f-6febcda069bc",
                "workspace_region": "westus",
                "workspace_resource_id": "/subscriptions/ff04471a-bb4c-4a06-9ff0-fda4c38e5fbd/resourcegroups/rg-networking-demo/providers/microsoft.operationalinsights/workspaces/netdemo-loganalytics"
              }
            ],
            "version": 1
          },
          "private": "eyJlMmJmYjczMC1lY2FhLTExZTYtOGY4OC0zNDM2M2JjN2M0YzAiOnsiY3JlYXRlIjoxODAwMDAwMDAwMDAwLCJkZWxldGUiOjE4MDAwMDAwMDAwMDAsInJlYWQiOjMwMDAwMDAwMDAwMCwidXBkYXRlIjoxODAwMDAwMDAwMDAwfX0=",
          "dependencies": [
            "azurerm_log_analytics_workspace.loganalytics",
            "azurerm_network_security_group.nsgweb",
            "azurerm_network_watcher.watcher",
            "azurerm_resource_group.rg",
            "azurerm_storage_account.storageaccount",
            "random_id.randomId"
          ]
        }
      ]
    },
    {
      "mode": "managed",
      "type": "azurerm_public_ip",
      "name": "azfirewallpip",
      "provider": "provider.azurerm",
      "instances": [
        {
          "schema_version": 0,
          "attributes": {
            "allocation_method": "Static",
            "domain_name_label": null,
            "fqdn": null,
            "id": "/subscriptions/ff04471a-bb4c-4a06-9ff0-fda4c38e5fbd/resourceGroups/RG-Networking-Demo/providers/Microsoft.Network/publicIPAddresses/azfirewallpip",
            "idle_timeout_in_minutes": 4,
            "ip_address": "52.155.42.0",
            "ip_version": "IPv4",
            "location": "westus",
            "name": "azfirewallpip",
            "public_ip_prefix_id": null,
            "resource_group_name": "RG-Networking-Demo",
            "reverse_fqdn": null,
            "sku": "Standard",
            "tags": {},
            "timeouts": null,
            "zones": []
          },
          "private": "eyJlMmJmYjczMC1lY2FhLTExZTYtOGY4OC0zNDM2M2JjN2M0YzAiOnsiY3JlYXRlIjoxODAwMDAwMDAwMDAwLCJkZWxldGUiOjE4MDAwMDAwMDAwMDAsInJlYWQiOjMwMDAwMDAwMDAwMCwidXBkYXRlIjoxODAwMDAwMDAwMDAwfX0=",
          "dependencies": [
            "azurerm_resource_group.rg"
          ]
        }
      ]
    },
    {
      "mode": "managed",
      "type": "azurerm_public_ip",
      "name": "bastionpip",
      "provider": "provider.azurerm",
      "instances": [
        {
          "schema_version": 0,
          "attributes": {
            "allocation_method": "Static",
            "domain_name_label": null,
            "fqdn": null,
            "id": "/subscriptions/ff04471a-bb4c-4a06-9ff0-fda4c38e5fbd/resourceGroups/RG-Networking-Demo/providers/Microsoft.Network/publicIPAddresses/bastionpip",
            "idle_timeout_in_minutes": 4,
            "ip_address": "52.155.41.227",
            "ip_version": "IPv4",
            "location": "westus",
            "name": "bastionpip",
            "public_ip_prefix_id": null,
            "resource_group_name": "RG-Networking-Demo",
            "reverse_fqdn": null,
            "sku": "Standard",
            "tags": {},
            "timeouts": null,
            "zones": []
          },
          "private": "eyJlMmJmYjczMC1lY2FhLTExZTYtOGY4OC0zNDM2M2JjN2M0YzAiOnsiY3JlYXRlIjoxODAwMDAwMDAwMDAwLCJkZWxldGUiOjE4MDAwMDAwMDAwMDAsInJlYWQiOjMwMDAwMDAwMDAwMCwidXBkYXRlIjoxODAwMDAwMDAwMDAwfX0=",
          "dependencies": [
            "azurerm_resource_group.rg"
          ]
        }
      ]
    },
    {
      "mode": "managed",
      "type": "azurerm_public_ip",
      "name": "hubvpngw-pip",
      "provider": "provider.azurerm",
      "instances": [
        {
          "schema_version": 0,
          "attributes": {
            "allocation_method": "Dynamic",
            "domain_name_label": null,
            "fqdn": null,
            "id": "/subscriptions/ff04471a-bb4c-4a06-9ff0-fda4c38e5fbd/resourceGroups/RG-Networking-Demo/providers/Microsoft.Network/publicIPAddresses/hubvpngw-pip",
            "idle_timeout_in_minutes": 4,
            "ip_address": "104.210.53.150",
            "ip_version": "IPv4",
            "location": "westus",
            "name": "hubvpngw-pip",
            "public_ip_prefix_id": null,
            "resource_group_name": "RG-Networking-Demo",
            "reverse_fqdn": null,
            "sku": "Basic",
            "tags": {},
            "timeouts": null,
            "zones": []
          },
          "private": "eyJlMmJmYjczMC1lY2FhLTExZTYtOGY4OC0zNDM2M2JjN2M0YzAiOnsiY3JlYXRlIjoxODAwMDAwMDAwMDAwLCJkZWxldGUiOjE4MDAwMDAwMDAwMDAsInJlYWQiOjMwMDAwMDAwMDAwMCwidXBkYXRlIjoxODAwMDAwMDAwMDAwfX0=",
          "dependencies": [
            "azurerm_resource_group.rg"
          ]
        }
      ]
    },
    {
      "mode": "managed",
      "type": "azurerm_public_ip",
      "name": "onpremvpngw-pip",
      "provider": "provider.azurerm",
      "instances": [
        {
          "schema_version": 0,
          "attributes": {
            "allocation_method": "Dynamic",
            "domain_name_label": null,
            "fqdn": null,
            "id": "/subscriptions/ff04471a-bb4c-4a06-9ff0-fda4c38e5fbd/resourceGroups/RG-Networking-Demo/providers/Microsoft.Network/publicIPAddresses/onpremvpngw-pip",
            "idle_timeout_in_minutes": 4,
            "ip_address": "104.210.54.198",
            "ip_version": "IPv4",
            "location": "westus",
            "name": "onpremvpngw-pip",
            "public_ip_prefix_id": null,
            "resource_group_name": "RG-Networking-Demo",
            "reverse_fqdn": null,
            "sku": "Basic",
            "tags": {},
            "timeouts": null,
            "zones": []
          },
          "private": "eyJlMmJmYjczMC1lY2FhLTExZTYtOGY4OC0zNDM2M2JjN2M0YzAiOnsiY3JlYXRlIjoxODAwMDAwMDAwMDAwLCJkZWxldGUiOjE4MDAwMDAwMDAwMDAsInJlYWQiOjMwMDAwMDAwMDAwMCwidXBkYXRlIjoxODAwMDAwMDAwMDAwfX0=",
          "dependencies": [
            "azurerm_resource_group.rg"
          ]
        }
      ]
    },
    {
      "mode": "managed",
      "type": "azurerm_resource_group",
      "name": "rg",
      "provider": "provider.azurerm",
      "instances": [
        {
          "schema_version": 0,
          "attributes": {
            "id": "/subscriptions/ff04471a-bb4c-4a06-9ff0-fda4c38e5fbd/resourceGroups/RG-Networking-Demo",
            "location": "westus",
            "name": "RG-Networking-Demo",
            "tags": {},
            "timeouts": null
          },
          "private": "eyJlMmJmYjczMC1lY2FhLTExZTYtOGY4OC0zNDM2M2JjN2M0YzAiOnsiY3JlYXRlIjo1NDAwMDAwMDAwMDAwLCJkZWxldGUiOjU0MDAwMDAwMDAwMDAsInJlYWQiOjMwMDAwMDAwMDAwMCwidXBkYXRlIjo1NDAwMDAwMDAwMDAwfX0="
        }
      ]
    },
    {
      "mode": "managed",
      "type": "azurerm_route",
      "name": "hubvnet-managementsubnet-to-internet",
      "provider": "provider.azurerm",
      "instances": [
        {
          "schema_version": 0,
          "attributes": {
            "address_prefix": "0.0.0.0/0",
            "id": "/subscriptions/ff04471a-bb4c-4a06-9ff0-fda4c38e5fbd/resourceGroups/RG-Networking-Demo/providers/Microsoft.Network/routeTables/route-hubvnet-managementsubnet/routes/hubvnet-managementsubnet-to-internet",
            "name": "hubvnet-managementsubnet-to-internet",
            "next_hop_in_ip_address": "10.0.8.4",
            "next_hop_type": "VirtualAppliance",
            "resource_group_name": "RG-Networking-Demo",
            "route_table_name": "route-hubvnet-managementsubnet",
            "timeouts": null
          },
          "private": "eyJlMmJmYjczMC1lY2FhLTExZTYtOGY4OC0zNDM2M2JjN2M0YzAiOnsiY3JlYXRlIjoxODAwMDAwMDAwMDAwLCJkZWxldGUiOjE4MDAwMDAwMDAwMDAsInJlYWQiOjMwMDAwMDAwMDAwMCwidXBkYXRlIjoxODAwMDAwMDAwMDAwfX0=",
          "dependencies": [
            "azurerm_availability_set.avset",
            "azurerm_firewall.azfirewall",
            "azurerm_firewall_application_rule_collection.azfirewall-apprules",
            "azurerm_network_interface.nic",
            "azurerm_public_ip.azfirewallpip",
            "azurerm_resource_group.rg",
            "azurerm_route_table.route-hubvnet-managementsubnet",
            "azurerm_subnet.AzureFirewallSubnet",
            "azurerm_subnet.websubnet",
            "azurerm_virtual_machine_extension.extspoke",
            "azurerm_virtual_network.hubvnet",
            "azurerm_virtual_network.spokevnet",
            "azurerm_windows_virtual_machine.vmspoke"
          ]
        }
      ]
    },
    {
      "mode": "managed",
      "type": "azurerm_route",
      "name": "onpremvnet-onpresubnet-to-hubvnet",
      "provider": "provider.azurerm",
      "instances": [
        {
          "schema_version": 0,
          "attributes": {
            "address_prefix": "10.0.1.0/27",
            "id": "/subscriptions/ff04471a-bb4c-4a06-9ff0-fda4c38e5fbd/resourceGroups/RG-Networking-Demo/providers/Microsoft.Network/routeTables/route-onpremvnet-onpresubnet/routes/onpremvnet-onpresubnet-to-hubvnet",
            "name": "onpremvnet-onpresubnet-to-hubvnet",
            "next_hop_in_ip_address": "10.0.8.4",
            "next_hop_type": "VirtualAppliance",
            "resource_group_name": "RG-Networking-Demo",
            "route_table_name": "route-onpremvnet-onpresubnet",
            "timeouts": null
          },
          "private": "eyJlMmJmYjczMC1lY2FhLTExZTYtOGY4OC0zNDM2M2JjN2M0YzAiOnsiY3JlYXRlIjoxODAwMDAwMDAwMDAwLCJkZWxldGUiOjE4MDAwMDAwMDAwMDAsInJlYWQiOjMwMDAwMDAwMDAwMCwidXBkYXRlIjoxODAwMDAwMDAwMDAwfX0=",
          "dependencies": [
            "azurerm_availability_set.avset",
            "azurerm_firewall.azfirewall",
            "azurerm_firewall_application_rule_collection.azfirewall-apprules",
            "azurerm_network_interface.nic",
            "azurerm_public_ip.azfirewallpip",
            "azurerm_resource_group.rg",
            "azurerm_route_table.route-onpremvnet-onpresubnet",
            "azurerm_subnet.AzureFirewallSubnet",
            "azurerm_subnet.websubnet",
            "azurerm_virtual_machine_extension.extspoke",
            "azurerm_virtual_network.hubvnet",
            "azurerm_virtual_network.spokevnet",
            "azurerm_windows_virtual_machine.vmspoke"
          ]
        }
      ]
    },
    {
      "mode": "managed",
      "type": "azurerm_route",
      "name": "spokevnet-websubnet-to-internet",
      "provider": "provider.azurerm",
      "instances": [
        {
          "schema_version": 0,
          "attributes": {
            "address_prefix": "0.0.0.0/0",
            "id": "/subscriptions/ff04471a-bb4c-4a06-9ff0-fda4c38e5fbd/resourceGroups/RG-Networking-Demo/providers/Microsoft.Network/routeTables/route-spokevnet-websubnet/routes/spokevnet-websubnet-to-internet",
            "name": "spokevnet-websubnet-to-internet",
            "next_hop_in_ip_address": "10.0.8.4",
            "next_hop_type": "VirtualAppliance",
            "resource_group_name": "RG-Networking-Demo",
            "route_table_name": "route-spokevnet-websubnet",
            "timeouts": null
          },
          "private": "eyJlMmJmYjczMC1lY2FhLTExZTYtOGY4OC0zNDM2M2JjN2M0YzAiOnsiY3JlYXRlIjoxODAwMDAwMDAwMDAwLCJkZWxldGUiOjE4MDAwMDAwMDAwMDAsInJlYWQiOjMwMDAwMDAwMDAwMCwidXBkYXRlIjoxODAwMDAwMDAwMDAwfX0=",
          "dependencies": [
            "azurerm_availability_set.avset",
            "azurerm_firewall.azfirewall",
            "azurerm_firewall_application_rule_collection.azfirewall-apprules",
            "azurerm_network_interface.nic",
            "azurerm_public_ip.azfirewallpip",
            "azurerm_resource_group.rg",
            "azurerm_route_table.route-spokevnet-websubnet",
            "azurerm_subnet.AzureFirewallSubnet",
            "azurerm_subnet.websubnet",
            "azurerm_virtual_machine_extension.extspoke",
            "azurerm_virtual_network.hubvnet",
            "azurerm_virtual_network.spokevnet",
            "azurerm_windows_virtual_machine.vmspoke"
          ]
        }
      ]
    },
    {
      "mode": "managed",
      "type": "azurerm_route_table",
      "name": "route-hubvnet-managementsubnet",
      "provider": "provider.azurerm",
      "instances": [
        {
          "schema_version": 0,
          "attributes": {
            "disable_bgp_route_propagation": false,
            "id": "/subscriptions/ff04471a-bb4c-4a06-9ff0-fda4c38e5fbd/resourceGroups/RG-Networking-Demo/providers/Microsoft.Network/routeTables/route-hubvnet-managementsubnet",
            "location": "westus",
            "name": "route-hubvnet-managementsubnet",
            "resource_group_name": "RG-Networking-Demo",
            "route": [
              {
                "address_prefix": "0.0.0.0/0",
                "name": "hubvnet-managementsubnet-to-internet",
                "next_hop_in_ip_address": "10.0.8.4",
                "next_hop_type": "VirtualAppliance"
              }
            ],
            "subnets": [
              "/subscriptions/ff04471a-bb4c-4a06-9ff0-fda4c38e5fbd/resourceGroups/RG-Networking-Demo/providers/Microsoft.Network/virtualNetworks/hubvnet/subnets/managementsubnet"
            ],
            "tags": {},
            "timeouts": null
          },
          "private": "eyJlMmJmYjczMC1lY2FhLTExZTYtOGY4OC0zNDM2M2JjN2M0YzAiOnsiY3JlYXRlIjoxODAwMDAwMDAwMDAwLCJkZWxldGUiOjE4MDAwMDAwMDAwMDAsInJlYWQiOjMwMDAwMDAwMDAwMCwidXBkYXRlIjoxODAwMDAwMDAwMDAwfX0=",
          "dependencies": [
            "azurerm_availability_set.avset",
            "azurerm_firewall.azfirewall",
            "azurerm_firewall_application_rule_collection.azfirewall-apprules",
            "azurerm_network_interface.nic",
            "azurerm_public_ip.azfirewallpip",
            "azurerm_resource_group.rg",
            "azurerm_subnet.AzureFirewallSubnet",
            "azurerm_subnet.websubnet",
            "azurerm_virtual_machine_extension.extspoke",
            "azurerm_virtual_network.hubvnet",
            "azurerm_virtual_network.spokevnet",
            "azurerm_windows_virtual_machine.vmspoke"
          ]
        }
      ]
    },
    {
      "mode": "managed",
      "type": "azurerm_route_table",
      "name": "route-onpremvnet-onpresubnet",
      "provider": "provider.azurerm",
      "instances": [
        {
          "schema_version": 0,
          "attributes": {
            "disable_bgp_route_propagation": false,
            "id": "/subscriptions/ff04471a-bb4c-4a06-9ff0-fda4c38e5fbd/resourceGroups/RG-Networking-Demo/providers/Microsoft.Network/routeTables/route-onpremvnet-onpresubnet",
            "location": "westus",
            "name": "route-onpremvnet-onpresubnet",
            "resource_group_name": "RG-Networking-Demo",
            "route": [
              {
                "address_prefix": "10.0.1.0/27",
                "name": "onpremvnet-onpresubnet-to-hubvnet",
                "next_hop_in_ip_address": "10.0.8.4",
                "next_hop_type": "VirtualAppliance"
              }
            ],
            "subnets": [
              "/subscriptions/ff04471a-bb4c-4a06-9ff0-fda4c38e5fbd/resourceGroups/RG-Networking-Demo/providers/Microsoft.Network/virtualNetworks/hubvnet/subnets/GatewaySubnet"
            ],
            "tags": {},
            "timeouts": null
          },
          "private": "eyJlMmJmYjczMC1lY2FhLTExZTYtOGY4OC0zNDM2M2JjN2M0YzAiOnsiY3JlYXRlIjoxODAwMDAwMDAwMDAwLCJkZWxldGUiOjE4MDAwMDAwMDAwMDAsInJlYWQiOjMwMDAwMDAwMDAwMCwidXBkYXRlIjoxODAwMDAwMDAwMDAwfX0=",
          "dependencies": [
            "azurerm_availability_set.avset",
            "azurerm_firewall.azfirewall",
            "azurerm_firewall_application_rule_collection.azfirewall-apprules",
            "azurerm_network_interface.nic",
            "azurerm_public_ip.azfirewallpip",
            "azurerm_resource_group.rg",
            "azurerm_subnet.AzureFirewallSubnet",
            "azurerm_subnet.websubnet",
            "azurerm_virtual_machine_extension.extspoke",
            "azurerm_virtual_network.hubvnet",
            "azurerm_virtual_network.spokevnet",
            "azurerm_windows_virtual_machine.vmspoke"
          ]
        }
      ]
    },
    {
      "mode": "managed",
      "type": "azurerm_route_table",
      "name": "route-spokevnet-websubnet",
      "provider": "provider.azurerm",
      "instances": [
        {
          "schema_version": 0,
          "attributes": {
            "disable_bgp_route_propagation": false,
            "id": "/subscriptions/ff04471a-bb4c-4a06-9ff0-fda4c38e5fbd/resourceGroups/RG-Networking-Demo/providers/Microsoft.Network/routeTables/route-spokevnet-websubnet",
            "location": "westus",
            "name": "route-spokevnet-websubnet",
            "resource_group_name": "RG-Networking-Demo",
            "route": [
              {
                "address_prefix": "0.0.0.0/0",
                "name": "spokevnet-websubnet-to-internet",
                "next_hop_in_ip_address": "10.0.8.4",
                "next_hop_type": "VirtualAppliance"
              }
            ],
            "subnets": [
              "/subscriptions/ff04471a-bb4c-4a06-9ff0-fda4c38e5fbd/resourceGroups/RG-Networking-Demo/providers/Microsoft.Network/virtualNetworks/spokevnet/subnets/websubnet"
            ],
            "tags": {},
            "timeouts": null
          },
          "private": "eyJlMmJmYjczMC1lY2FhLTExZTYtOGY4OC0zNDM2M2JjN2M0YzAiOnsiY3JlYXRlIjoxODAwMDAwMDAwMDAwLCJkZWxldGUiOjE4MDAwMDAwMDAwMDAsInJlYWQiOjMwMDAwMDAwMDAwMCwidXBkYXRlIjoxODAwMDAwMDAwMDAwfX0=",
          "dependencies": [
            "azurerm_availability_set.avset",
            "azurerm_firewall.azfirewall",
            "azurerm_firewall_application_rule_collection.azfirewall-apprules",
            "azurerm_network_interface.nic",
            "azurerm_public_ip.azfirewallpip",
            "azurerm_resource_group.rg",
            "azurerm_subnet.AzureFirewallSubnet",
            "azurerm_subnet.websubnet",
            "azurerm_virtual_machine_extension.extspoke",
            "azurerm_virtual_network.hubvnet",
            "azurerm_virtual_network.spokevnet",
            "azurerm_windows_virtual_machine.vmspoke"
          ]
        }
      ]
    },
    {
      "mode": "managed",
      "type": "azurerm_storage_account",
      "name": "storageaccount",
      "provider": "provider.azurerm",
      "instances": [
        {
          "schema_version": 2,
          "attributes": {
            "access_tier": "Hot",
            "account_kind": "StorageV2",
            "account_replication_type": "LRS",
            "account_tier": "Standard",
            "blob_properties": [],
            "custom_domain": [],
            "enable_https_traffic_only": true,
            "id": "/subscriptions/ff04471a-bb4c-4a06-9ff0-fda4c38e5fbd/resourceGroups/RG-Networking-Demo/providers/Microsoft.Storage/storageAccounts/petsae5ac158e3dda1f40",
            "identity": [],
            "is_hns_enabled": false,
            "location": "westus",
            "name": "petsae5ac158e3dda1f40",
            "network_rules": [
              {
                "bypass": [
                  "AzureServices"
                ],
                "default_action": "Allow",
                "ip_rules": [],
                "virtual_network_subnet_ids": []
              }
            ],
            "primary_access_key": "u+DwYLz4zHY+t6pmon65RdtoAiTe42uxXUx8WUHLY7CtnFInAqxSjR3hkeyzdCk5NF1M5nog33kV5+AJ0NnPLg==",
            "primary_blob_connection_string": "DefaultEndpointsProtocol=https;BlobEndpoint=https://petsae5ac158e3dda1f40.blob.core.windows.net/;AccountName=petsae5ac158e3dda1f40;AccountKey=u+DwYLz4zHY+t6pmon65RdtoAiTe42uxXUx8WUHLY7CtnFInAqxSjR3hkeyzdCk5NF1M5nog33kV5+AJ0NnPLg==",
            "primary_blob_endpoint": "https://petsae5ac158e3dda1f40.blob.core.windows.net/",
            "primary_blob_host": "petsae5ac158e3dda1f40.blob.core.windows.net",
            "primary_connection_string": "DefaultEndpointsProtocol=https;AccountName=petsae5ac158e3dda1f40;AccountKey=u+DwYLz4zHY+t6pmon65RdtoAiTe42uxXUx8WUHLY7CtnFInAqxSjR3hkeyzdCk5NF1M5nog33kV5+AJ0NnPLg==;EndpointSuffix=core.windows.net",
            "primary_dfs_endpoint": "https://petsae5ac158e3dda1f40.dfs.core.windows.net/",
            "primary_dfs_host": "petsae5ac158e3dda1f40.dfs.core.windows.net",
            "primary_file_endpoint": "https://petsae5ac158e3dda1f40.file.core.windows.net/",
            "primary_file_host": "petsae5ac158e3dda1f40.file.core.windows.net",
            "primary_location": "westus",
            "primary_queue_endpoint": "https://petsae5ac158e3dda1f40.queue.core.windows.net/",
            "primary_queue_host": "petsae5ac158e3dda1f40.queue.core.windows.net",
            "primary_table_endpoint": "https://petsae5ac158e3dda1f40.table.core.windows.net/",
            "primary_table_host": "petsae5ac158e3dda1f40.table.core.windows.net",
            "primary_web_endpoint": "https://petsae5ac158e3dda1f40.z22.web.core.windows.net/",
            "primary_web_host": "petsae5ac158e3dda1f40.z22.web.core.windows.net",
            "queue_properties": [
              {
                "cors_rule": [],
                "hour_metrics": [
                  {
                    "enabled": true,
                    "include_apis": true,
                    "retention_policy_days": 7,
                    "version": "1.0"
                  }
                ],
                "logging": [
                  {
                    "delete": false,
                    "read": false,
                    "retention_policy_days": 0,
                    "version": "1.0",
                    "write": false
                  }
                ],
                "minute_metrics": [
                  {
                    "enabled": false,
                    "include_apis": false,
                    "retention_policy_days": 0,
                    "version": "1.0"
                  }
                ]
              }
            ],
            "resource_group_name": "RG-Networking-Demo",
            "secondary_access_key": "oM67g7Fkn0GRyk9PUUC9b0ysgkjKIV+sUsTfIelGrdmQHXpXGQHCjUO6pSonxz61vbDwFIsu1XemCm9jnTEEEQ==",
            "secondary_blob_connection_string": "",
            "secondary_blob_endpoint": null,
            "secondary_blob_host": null,
            "secondary_connection_string": "DefaultEndpointsProtocol=https;AccountName=petsae5ac158e3dda1f40;AccountKey=oM67g7Fkn0GRyk9PUUC9b0ysgkjKIV+sUsTfIelGrdmQHXpXGQHCjUO6pSonxz61vbDwFIsu1XemCm9jnTEEEQ==;EndpointSuffix=core.windows.net",
            "secondary_dfs_endpoint": null,
            "secondary_dfs_host": null,
            "secondary_file_endpoint": null,
            "secondary_file_host": null,
            "secondary_location": "",
            "secondary_queue_endpoint": null,
            "secondary_queue_host": null,
            "secondary_table_endpoint": null,
            "secondary_table_host": null,
            "secondary_web_endpoint": null,
            "secondary_web_host": null,
            "static_website": [],
            "tags": {},
            "timeouts": null
          },
          "private": "eyJlMmJmYjczMC1lY2FhLTExZTYtOGY4OC0zNDM2M2JjN2M0YzAiOnsiY3JlYXRlIjozNjAwMDAwMDAwMDAwLCJkZWxldGUiOjM2MDAwMDAwMDAwMDAsInJlYWQiOjMwMDAwMDAwMDAwMCwidXBkYXRlIjozNjAwMDAwMDAwMDAwfSwic2NoZW1hX3ZlcnNpb24iOiIyIn0=",
          "dependencies": [
            "azurerm_resource_group.rg",
            "random_id.randomId"
          ]
        }
      ]
    },
    {
      "mode": "managed",
      "type": "azurerm_subnet",
      "name": "AzureBastionSubnet",
      "provider": "provider.azurerm",
      "instances": [
        {
          "schema_version": 0,
          "attributes": {
            "address_prefix": "10.0.10.0/27",
            "delegation": [],
            "enforce_private_link_endpoint_network_policies": false,
            "enforce_private_link_service_network_policies": false,
            "id": "/subscriptions/ff04471a-bb4c-4a06-9ff0-fda4c38e5fbd/resourceGroups/RG-Networking-Demo/providers/Microsoft.Network/virtualNetworks/hubvnet/subnets/AzureBastionSubnet",
            "name": "AzureBastionSubnet",
            "resource_group_name": "RG-Networking-Demo",
            "service_endpoints": [],
            "timeouts": null,
            "virtual_network_name": "hubvnet"
          },
          "private": "eyJlMmJmYjczMC1lY2FhLTExZTYtOGY4OC0zNDM2M2JjN2M0YzAiOnsiY3JlYXRlIjoxODAwMDAwMDAwMDAwLCJkZWxldGUiOjE4MDAwMDAwMDAwMDAsInJlYWQiOjMwMDAwMDAwMDAwMCwidXBkYXRlIjoxODAwMDAwMDAwMDAwfX0=",
          "dependencies": [
            "azurerm_resource_group.rg",
            "azurerm_virtual_network.hubvnet"
          ]
        }
      ]
    },
    {
      "mode": "managed",
      "type": "azurerm_subnet",
      "name": "AzureFirewallSubnet",
      "provider": "provider.azurerm",
      "instances": [
        {
          "schema_version": 0,
          "attributes": {
            "address_prefix": "10.0.8.0/26",
            "delegation": [],
            "enforce_private_link_endpoint_network_policies": false,
            "enforce_private_link_service_network_policies": false,
            "id": "/subscriptions/ff04471a-bb4c-4a06-9ff0-fda4c38e5fbd/resourceGroups/RG-Networking-Demo/providers/Microsoft.Network/virtualNetworks/hubvnet/subnets/AzureFirewallSubnet",
            "name": "AzureFirewallSubnet",
            "resource_group_name": "RG-Networking-Demo",
            "service_endpoints": [],
            "timeouts": null,
            "virtual_network_name": "hubvnet"
          },
          "private": "eyJlMmJmYjczMC1lY2FhLTExZTYtOGY4OC0zNDM2M2JjN2M0YzAiOnsiY3JlYXRlIjoxODAwMDAwMDAwMDAwLCJkZWxldGUiOjE4MDAwMDAwMDAwMDAsInJlYWQiOjMwMDAwMDAwMDAwMCwidXBkYXRlIjoxODAwMDAwMDAwMDAwfX0=",
          "dependencies": [
            "azurerm_resource_group.rg",
            "azurerm_virtual_network.hubvnet"
          ]
        }
      ]
    },
    {
      "mode": "managed",
      "type": "azurerm_subnet",
      "name": "gatewaysubnet",
      "provider": "provider.azurerm",
      "instances": [
        {
          "schema_version": 0,
          "attributes": {
            "address_prefix": "10.0.1.0/27",
            "delegation": [],
            "enforce_private_link_endpoint_network_policies": false,
            "enforce_private_link_service_network_policies": false,
            "id": "/subscriptions/ff04471a-bb4c-4a06-9ff0-fda4c38e5fbd/resourceGroups/RG-Networking-Demo/providers/Microsoft.Network/virtualNetworks/hubvnet/subnets/GatewaySubnet",
            "name": "GatewaySubnet",
            "resource_group_name": "RG-Networking-Demo",
            "service_endpoints": [],
            "timeouts": null,
            "virtual_network_name": "hubvnet"
          },
          "private": "eyJlMmJmYjczMC1lY2FhLTExZTYtOGY4OC0zNDM2M2JjN2M0YzAiOnsiY3JlYXRlIjoxODAwMDAwMDAwMDAwLCJkZWxldGUiOjE4MDAwMDAwMDAwMDAsInJlYWQiOjMwMDAwMDAwMDAwMCwidXBkYXRlIjoxODAwMDAwMDAwMDAwfX0=",
          "dependencies": [
            "azurerm_resource_group.rg",
            "azurerm_virtual_network.hubvnet"
          ]
        }
      ]
    },
    {
      "mode": "managed",
      "type": "azurerm_subnet",
      "name": "managementsubnet",
      "provider": "provider.azurerm",
      "instances": [
        {
          "schema_version": 0,
          "attributes": {
            "address_prefix": "10.0.2.0/24",
            "delegation": [],
            "enforce_private_link_endpoint_network_policies": false,
            "enforce_private_link_service_network_policies": false,
            "id": "/subscriptions/ff04471a-bb4c-4a06-9ff0-fda4c38e5fbd/resourceGroups/RG-Networking-Demo/providers/Microsoft.Network/virtualNetworks/hubvnet/subnets/managementsubnet",
            "name": "managementsubnet",
            "resource_group_name": "RG-Networking-Demo",
            "service_endpoints": [],
            "timeouts": null,
            "virtual_network_name": "hubvnet"
          },
          "private": "eyJlMmJmYjczMC1lY2FhLTExZTYtOGY4OC0zNDM2M2JjN2M0YzAiOnsiY3JlYXRlIjoxODAwMDAwMDAwMDAwLCJkZWxldGUiOjE4MDAwMDAwMDAwMDAsInJlYWQiOjMwMDAwMDAwMDAwMCwidXBkYXRlIjoxODAwMDAwMDAwMDAwfX0=",
          "dependencies": [
            "azurerm_resource_group.rg",
            "azurerm_virtual_network.hubvnet"
          ]
        }
      ]
    },
    {
      "mode": "managed",
      "type": "azurerm_subnet",
      "name": "onpremSubnet",
      "provider": "provider.azurerm",
      "instances": [
        {
          "schema_version": 0,
          "attributes": {
            "address_prefix": "192.168.1.0/24",
            "delegation": [],
            "enforce_private_link_endpoint_network_policies": false,
            "enforce_private_link_service_network_policies": false,
            "id": "/subscriptions/ff04471a-bb4c-4a06-9ff0-fda4c38e5fbd/resourceGroups/RG-Networking-Demo/providers/Microsoft.Network/virtualNetworks/onpremvnet/subnets/onpremSubnet",
            "name": "onpremSubnet",
            "resource_group_name": "RG-Networking-Demo",
            "service_endpoints": [],
            "timeouts": null,
            "virtual_network_name": "onpremvnet"
          },
          "private": "eyJlMmJmYjczMC1lY2FhLTExZTYtOGY4OC0zNDM2M2JjN2M0YzAiOnsiY3JlYXRlIjoxODAwMDAwMDAwMDAwLCJkZWxldGUiOjE4MDAwMDAwMDAwMDAsInJlYWQiOjMwMDAwMDAwMDAwMCwidXBkYXRlIjoxODAwMDAwMDAwMDAwfX0=",
          "dependencies": [
            "azurerm_resource_group.rg",
            "azurerm_virtual_network.onpremvnet"
          ]
        }
      ]
    },
    {
      "mode": "managed",
      "type": "azurerm_subnet",
      "name": "onpremgatewaysubnet",
      "provider": "provider.azurerm",
      "instances": [
        {
          "schema_version": 0,
          "attributes": {
            "address_prefix": "192.168.10.0/27",
            "delegation": [],
            "enforce_private_link_endpoint_network_policies": false,
            "enforce_private_link_service_network_policies": false,
            "id": "/subscriptions/ff04471a-bb4c-4a06-9ff0-fda4c38e5fbd/resourceGroups/RG-Networking-Demo/providers/Microsoft.Network/virtualNetworks/onpremvnet/subnets/GatewaySubnet",
            "name": "GatewaySubnet",
            "resource_group_name": "RG-Networking-Demo",
            "service_endpoints": [],
            "timeouts": null,
            "virtual_network_name": "onpremvnet"
          },
          "private": "eyJlMmJmYjczMC1lY2FhLTExZTYtOGY4OC0zNDM2M2JjN2M0YzAiOnsiY3JlYXRlIjoxODAwMDAwMDAwMDAwLCJkZWxldGUiOjE4MDAwMDAwMDAwMDAsInJlYWQiOjMwMDAwMDAwMDAwMCwidXBkYXRlIjoxODAwMDAwMDAwMDAwfX0=",
          "dependencies": [
            "azurerm_resource_group.rg",
            "azurerm_virtual_network.onpremvnet"
          ]
        }
      ]
    },
    {
      "mode": "managed",
      "type": "azurerm_subnet",
      "name": "websubnet",
      "provider": "provider.azurerm",
      "instances": [
        {
          "schema_version": 0,
          "attributes": {
            "address_prefix": "10.1.1.0/24",
            "delegation": [],
            "enforce_private_link_endpoint_network_policies": false,
            "enforce_private_link_service_network_policies": false,
            "id": "/subscriptions/ff04471a-bb4c-4a06-9ff0-fda4c38e5fbd/resourceGroups/RG-Networking-Demo/providers/Microsoft.Network/virtualNetworks/spokevnet/subnets/websubnet",
            "name": "websubnet",
            "resource_group_name": "RG-Networking-Demo",
            "service_endpoints": [],
            "timeouts": null,
            "virtual_network_name": "spokevnet"
          },
          "private": "eyJlMmJmYjczMC1lY2FhLTExZTYtOGY4OC0zNDM2M2JjN2M0YzAiOnsiY3JlYXRlIjoxODAwMDAwMDAwMDAwLCJkZWxldGUiOjE4MDAwMDAwMDAwMDAsInJlYWQiOjMwMDAwMDAwMDAwMCwidXBkYXRlIjoxODAwMDAwMDAwMDAwfX0=",
          "dependencies": [
            "azurerm_resource_group.rg",
            "azurerm_virtual_network.spokevnet"
          ]
        }
      ]
    },
    {
      "mode": "managed",
      "type": "azurerm_subnet_network_security_group_association",
      "name": "nsgmgmtsubnet",
      "provider": "provider.azurerm",
      "instances": [
        {
          "schema_version": 0,
          "attributes": {
            "id": "/subscriptions/ff04471a-bb4c-4a06-9ff0-fda4c38e5fbd/resourceGroups/RG-Networking-Demo/providers/Microsoft.Network/virtualNetworks/hubvnet/subnets/managementsubnet",
            "network_security_group_id": "/subscriptions/ff04471a-bb4c-4a06-9ff0-fda4c38e5fbd/resourceGroups/RG-Networking-Demo/providers/Microsoft.Network/networkSecurityGroups/nsg_mgmt",
            "subnet_id": "/subscriptions/ff04471a-bb4c-4a06-9ff0-fda4c38e5fbd/resourceGroups/RG-Networking-Demo/providers/Microsoft.Network/virtualNetworks/hubvnet/subnets/managementsubnet",
            "timeouts": null
          },
          "private": "eyJlMmJmYjczMC1lY2FhLTExZTYtOGY4OC0zNDM2M2JjN2M0YzAiOnsiY3JlYXRlIjoxODAwMDAwMDAwMDAwLCJkZWxldGUiOjE4MDAwMDAwMDAwMDAsInJlYWQiOjMwMDAwMDAwMDAwMCwidXBkYXRlIjoxODAwMDAwMDAwMDAwfX0=",
          "dependencies": [
            "azurerm_availability_set.avset",
            "azurerm_network_interface.nic",
            "azurerm_network_security_group.nsgmgmt",
            "azurerm_resource_group.rg",
            "azurerm_subnet.managementsubnet",
            "azurerm_subnet.websubnet",
            "azurerm_virtual_machine_extension.extspoke",
            "azurerm_virtual_network.hubvnet",
            "azurerm_virtual_network.spokevnet",
            "azurerm_windows_virtual_machine.vmspoke"
          ]
        }
      ]
    },
    {
      "mode": "managed",
      "type": "azurerm_subnet_network_security_group_association",
      "name": "nswebsubnet",
      "provider": "provider.azurerm",
      "instances": [
        {
          "schema_version": 0,
          "attributes": {
            "id": "/subscriptions/ff04471a-bb4c-4a06-9ff0-fda4c38e5fbd/resourceGroups/RG-Networking-Demo/providers/Microsoft.Network/virtualNetworks/spokevnet/subnets/websubnet",
            "network_security_group_id": "/subscriptions/ff04471a-bb4c-4a06-9ff0-fda4c38e5fbd/resourceGroups/RG-Networking-Demo/providers/Microsoft.Network/networkSecurityGroups/nsg_web",
            "subnet_id": "/subscriptions/ff04471a-bb4c-4a06-9ff0-fda4c38e5fbd/resourceGroups/RG-Networking-Demo/providers/Microsoft.Network/virtualNetworks/spokevnet/subnets/websubnet",
            "timeouts": null
          },
          "private": "eyJlMmJmYjczMC1lY2FhLTExZTYtOGY4OC0zNDM2M2JjN2M0YzAiOnsiY3JlYXRlIjoxODAwMDAwMDAwMDAwLCJkZWxldGUiOjE4MDAwMDAwMDAwMDAsInJlYWQiOjMwMDAwMDAwMDAwMCwidXBkYXRlIjoxODAwMDAwMDAwMDAwfX0=",
          "dependencies": [
            "azurerm_availability_set.avset",
            "azurerm_network_interface.nic",
            "azurerm_network_security_group.nsgweb",
            "azurerm_resource_group.rg",
            "azurerm_subnet.websubnet",
            "azurerm_virtual_machine_extension.extspoke",
            "azurerm_virtual_network.spokevnet",
            "azurerm_windows_virtual_machine.vmspoke"
          ]
        }
      ]
    },
    {
      "mode": "managed",
      "type": "azurerm_subnet_route_table_association",
      "name": "route-hubvnet-managementsubnet-ass",
      "provider": "provider.azurerm",
      "instances": [
        {
          "schema_version": 0,
          "attributes": {
            "id": "/subscriptions/ff04471a-bb4c-4a06-9ff0-fda4c38e5fbd/resourceGroups/RG-Networking-Demo/providers/Microsoft.Network/virtualNetworks/hubvnet/subnets/managementsubnet",
            "route_table_id": "/subscriptions/ff04471a-bb4c-4a06-9ff0-fda4c38e5fbd/resourceGroups/RG-Networking-Demo/providers/Microsoft.Network/routeTables/route-hubvnet-managementsubnet",
            "subnet_id": "/subscriptions/ff04471a-bb4c-4a06-9ff0-fda4c38e5fbd/resourceGroups/RG-Networking-Demo/providers/Microsoft.Network/virtualNetworks/hubvnet/subnets/managementsubnet",
            "timeouts": null
          },
          "private": "eyJlMmJmYjczMC1lY2FhLTExZTYtOGY4OC0zNDM2M2JjN2M0YzAiOnsiY3JlYXRlIjoxODAwMDAwMDAwMDAwLCJkZWxldGUiOjE4MDAwMDAwMDAwMDAsInJlYWQiOjMwMDAwMDAwMDAwMCwidXBkYXRlIjoxODAwMDAwMDAwMDAwfX0=",
          "dependencies": [
            "azurerm_availability_set.avset",
            "azurerm_firewall.azfirewall",
            "azurerm_firewall_application_rule_collection.azfirewall-apprules",
            "azurerm_network_interface.nic",
            "azurerm_public_ip.azfirewallpip",
            "azurerm_resource_group.rg",
            "azurerm_route_table.route-hubvnet-managementsubnet",
            "azurerm_subnet.AzureFirewallSubnet",
            "azurerm_subnet.managementsubnet",
            "azurerm_subnet.websubnet",
            "azurerm_virtual_machine_extension.extspoke",
            "azurerm_virtual_network.hubvnet",
            "azurerm_virtual_network.spokevnet",
            "azurerm_windows_virtual_machine.vmspoke"
          ]
        }
      ]
    },
    {
      "mode": "managed",
      "type": "azurerm_subnet_route_table_association",
      "name": "route-onpremvnet-onpresubnet-ass",
      "provider": "provider.azurerm",
      "instances": [
        {
          "schema_version": 0,
          "attributes": {
            "id": "/subscriptions/ff04471a-bb4c-4a06-9ff0-fda4c38e5fbd/resourceGroups/RG-Networking-Demo/providers/Microsoft.Network/virtualNetworks/hubvnet/subnets/GatewaySubnet",
            "route_table_id": "/subscriptions/ff04471a-bb4c-4a06-9ff0-fda4c38e5fbd/resourceGroups/RG-Networking-Demo/providers/Microsoft.Network/routeTables/route-onpremvnet-onpresubnet",
            "subnet_id": "/subscriptions/ff04471a-bb4c-4a06-9ff0-fda4c38e5fbd/resourceGroups/RG-Networking-Demo/providers/Microsoft.Network/virtualNetworks/hubvnet/subnets/GatewaySubnet",
            "timeouts": null
          },
          "private": "eyJlMmJmYjczMC1lY2FhLTExZTYtOGY4OC0zNDM2M2JjN2M0YzAiOnsiY3JlYXRlIjoxODAwMDAwMDAwMDAwLCJkZWxldGUiOjE4MDAwMDAwMDAwMDAsInJlYWQiOjMwMDAwMDAwMDAwMCwidXBkYXRlIjoxODAwMDAwMDAwMDAwfX0=",
          "dependencies": [
            "azurerm_availability_set.avset",
            "azurerm_firewall.azfirewall",
            "azurerm_firewall_application_rule_collection.azfirewall-apprules",
            "azurerm_network_interface.nic",
            "azurerm_public_ip.azfirewallpip",
            "azurerm_resource_group.rg",
            "azurerm_route_table.route-onpremvnet-onpresubnet",
            "azurerm_subnet.AzureFirewallSubnet",
            "azurerm_subnet.gatewaysubnet",
            "azurerm_subnet.websubnet",
            "azurerm_virtual_machine_extension.extspoke",
            "azurerm_virtual_network.hubvnet",
            "azurerm_virtual_network.spokevnet",
            "azurerm_windows_virtual_machine.vmspoke"
          ]
        }
      ]
    },
    {
      "mode": "managed",
      "type": "azurerm_subnet_route_table_association",
      "name": "route-spokevnet-websubnet-ass",
      "provider": "provider.azurerm",
      "instances": [
        {
          "schema_version": 0,
          "attributes": {
            "id": "/subscriptions/ff04471a-bb4c-4a06-9ff0-fda4c38e5fbd/resourceGroups/RG-Networking-Demo/providers/Microsoft.Network/virtualNetworks/spokevnet/subnets/websubnet",
            "route_table_id": "/subscriptions/ff04471a-bb4c-4a06-9ff0-fda4c38e5fbd/resourceGroups/RG-Networking-Demo/providers/Microsoft.Network/routeTables/route-spokevnet-websubnet",
            "subnet_id": "/subscriptions/ff04471a-bb4c-4a06-9ff0-fda4c38e5fbd/resourceGroups/RG-Networking-Demo/providers/Microsoft.Network/virtualNetworks/spokevnet/subnets/websubnet",
            "timeouts": null
          },
          "private": "eyJlMmJmYjczMC1lY2FhLTExZTYtOGY4OC0zNDM2M2JjN2M0YzAiOnsiY3JlYXRlIjoxODAwMDAwMDAwMDAwLCJkZWxldGUiOjE4MDAwMDAwMDAwMDAsInJlYWQiOjMwMDAwMDAwMDAwMCwidXBkYXRlIjoxODAwMDAwMDAwMDAwfX0=",
          "dependencies": [
            "azurerm_availability_set.avset",
            "azurerm_firewall.azfirewall",
            "azurerm_firewall_application_rule_collection.azfirewall-apprules",
            "azurerm_network_interface.nic",
            "azurerm_public_ip.azfirewallpip",
            "azurerm_resource_group.rg",
            "azurerm_route_table.route-spokevnet-websubnet",
            "azurerm_subnet.AzureFirewallSubnet",
            "azurerm_subnet.websubnet",
            "azurerm_virtual_machine_extension.extspoke",
            "azurerm_virtual_network.hubvnet",
            "azurerm_virtual_network.spokevnet",
            "azurerm_windows_virtual_machine.vmspoke"
          ]
        }
      ]
    },
    {
      "mode": "managed",
      "type": "azurerm_virtual_machine_extension",
      "name": "exthub",
      "provider": "provider.azurerm",
      "instances": [
        {
          "schema_version": 0,
          "attributes": {
            "auto_upgrade_minor_version": false,
            "id": "/subscriptions/ff04471a-bb4c-4a06-9ff0-fda4c38e5fbd/resourceGroups/RG-Networking-Demo/providers/Microsoft.Compute/virtualMachines/azmngserver1/extensions/hostname1",
            "name": "hostname1",
            "protected_settings": null,
            "publisher": "Microsoft.Compute",
            "settings": "{\"commandToExecute\":\"powershell.exe -ExecutionPolicy Unrestricted -file enable-icmp.ps1\",\"fileUris\":[\"https://aznetworkinghandson.blob.core.windows.net/public/enable-icmp.ps1\"]}",
            "tags": null,
            "timeouts": null,
            "type": "CustomScriptExtension",
            "type_handler_version": "1.8",
            "virtual_machine_id": "/subscriptions/ff04471a-bb4c-4a06-9ff0-fda4c38e5fbd/resourceGroups/RG-Networking-Demo/providers/Microsoft.Compute/virtualMachines/azmngserver1"
          },
          "private": "eyJlMmJmYjczMC1lY2FhLTExZTYtOGY4OC0zNDM2M2JjN2M0YzAiOnsiY3JlYXRlIjoxODAwMDAwMDAwMDAwLCJkZWxldGUiOjE4MDAwMDAwMDAwMDAsInJlYWQiOjMwMDAwMDAwMDAwMCwidXBkYXRlIjoxODAwMDAwMDAwMDAwfX0=",
          "dependencies": [
            "azurerm_network_interface.nichub",
            "azurerm_resource_group.rg",
            "azurerm_windows_virtual_machine.vmhub"
          ]
        }
      ]
    },
    {
      "mode": "managed",
      "type": "azurerm_virtual_machine_extension",
      "name": "extop",
      "provider": "provider.azurerm",
      "instances": [
        {
          "schema_version": 0,
          "attributes": {
            "auto_upgrade_minor_version": false,
            "id": "/subscriptions/ff04471a-bb4c-4a06-9ff0-fda4c38e5fbd/resourceGroups/RG-Networking-Demo/providers/Microsoft.Compute/virtualMachines/onpremserver1/extensions/hostname",
            "name": "hostname",
            "protected_settings": null,
            "publisher": "Microsoft.Compute",
            "settings": "{\"commandToExecute\":\"powershell.exe -ExecutionPolicy Unrestricted -file enable-icmp.ps1\",\"fileUris\":[\"https://aznetworkinghandson.blob.core.windows.net/public/enable-icmp.ps1\"]}",
            "tags": null,
            "timeouts": null,
            "type": "CustomScriptExtension",
            "type_handler_version": "1.8",
            "virtual_machine_id": "/subscriptions/ff04471a-bb4c-4a06-9ff0-fda4c38e5fbd/resourceGroups/RG-Networking-Demo/providers/Microsoft.Compute/virtualMachines/onpremserver1"
          },
          "private": "eyJlMmJmYjczMC1lY2FhLTExZTYtOGY4OC0zNDM2M2JjN2M0YzAiOnsiY3JlYXRlIjoxODAwMDAwMDAwMDAwLCJkZWxldGUiOjE4MDAwMDAwMDAwMDAsInJlYWQiOjMwMDAwMDAwMDAwMCwidXBkYXRlIjoxODAwMDAwMDAwMDAwfX0=",
          "dependencies": [
            "azurerm_network_interface.nicop",
            "azurerm_resource_group.rg",
            "azurerm_windows_virtual_machine.vmop"
          ]
        }
      ]
    },
    {
      "mode": "managed",
      "type": "azurerm_virtual_machine_extension",
      "name": "extspoke",
      "each": "list",
      "provider": "provider.azurerm",
      "instances": [
        {
          "index_key": 0,
          "schema_version": 0,
          "attributes": {
            "auto_upgrade_minor_version": false,
            "id": "/subscriptions/ff04471a-bb4c-4a06-9ff0-fda4c38e5fbd/resourceGroups/RG-Networking-Demo/providers/Microsoft.Compute/virtualMachines/azwsserver0/extensions/deploy-iis",
            "name": "deploy-iis",
            "protected_settings": null,
            "publisher": "Microsoft.Compute",
            "settings": "{\"commandToExecute\":\"powershell.exe -ExecutionPolicy Unrestricted -file ./deploy-iis.ps1\",\"fileUris\":[\"https://safocaapp.blob.core.windows.net/public/deploy-iis.ps1\"]}",
            "tags": null,
            "timeouts": null,
            "type": "CustomScriptExtension",
            "type_handler_version": "1.8",
            "virtual_machine_id": "/subscriptions/ff04471a-bb4c-4a06-9ff0-fda4c38e5fbd/resourceGroups/RG-Networking-Demo/providers/Microsoft.Compute/virtualMachines/azwsserver0"
          },
          "private": "eyJlMmJmYjczMC1lY2FhLTExZTYtOGY4OC0zNDM2M2JjN2M0YzAiOnsiY3JlYXRlIjoxODAwMDAwMDAwMDAwLCJkZWxldGUiOjE4MDAwMDAwMDAwMDAsInJlYWQiOjMwMDAwMDAwMDAwMCwidXBkYXRlIjoxODAwMDAwMDAwMDAwfX0=",
          "dependencies": [
            "azurerm_availability_set.avset",
            "azurerm_network_interface.nic",
            "azurerm_resource_group.rg",
            "azurerm_windows_virtual_machine.vmspoke"
          ]
        },
        {
          "index_key": 1,
          "schema_version": 0,
          "attributes": {
            "auto_upgrade_minor_version": false,
            "id": "/subscriptions/ff04471a-bb4c-4a06-9ff0-fda4c38e5fbd/resourceGroups/RG-Networking-Demo/providers/Microsoft.Compute/virtualMachines/azwsserver1/extensions/deploy-iis",
            "name": "deploy-iis",
            "protected_settings": null,
            "publisher": "Microsoft.Compute",
            "settings": "{\"commandToExecute\":\"powershell.exe -ExecutionPolicy Unrestricted -file ./deploy-iis.ps1\",\"fileUris\":[\"https://safocaapp.blob.core.windows.net/public/deploy-iis.ps1\"]}",
            "tags": null,
            "timeouts": null,
            "type": "CustomScriptExtension",
            "type_handler_version": "1.8",
            "virtual_machine_id": "/subscriptions/ff04471a-bb4c-4a06-9ff0-fda4c38e5fbd/resourceGroups/RG-Networking-Demo/providers/Microsoft.Compute/virtualMachines/azwsserver1"
          },
          "private": "eyJlMmJmYjczMC1lY2FhLTExZTYtOGY4OC0zNDM2M2JjN2M0YzAiOnsiY3JlYXRlIjoxODAwMDAwMDAwMDAwLCJkZWxldGUiOjE4MDAwMDAwMDAwMDAsInJlYWQiOjMwMDAwMDAwMDAwMCwidXBkYXRlIjoxODAwMDAwMDAwMDAwfX0=",
          "dependencies": [
            "azurerm_availability_set.avset",
            "azurerm_network_interface.nic",
            "azurerm_resource_group.rg",
            "azurerm_windows_virtual_machine.vmspoke"
          ]
        }
      ]
    },
    {
      "mode": "managed",
      "type": "azurerm_virtual_network",
      "name": "hubvnet",
      "provider": "provider.azurerm",
      "instances": [
        {
          "schema_version": 0,
          "attributes": {
            "address_space": [
              "10.0.0.0/16"
            ],
            "ddos_protection_plan": [],
            "dns_servers": [],
            "id": "/subscriptions/ff04471a-bb4c-4a06-9ff0-fda4c38e5fbd/resourceGroups/RG-Networking-Demo/providers/Microsoft.Network/virtualNetworks/hubvnet",
            "location": "westus",
            "name": "hubvnet",
            "resource_group_name": "RG-Networking-Demo",
            "subnet": [
              {
                "address_prefix": "10.0.1.0/27",
                "id": "/subscriptions/ff04471a-bb4c-4a06-9ff0-fda4c38e5fbd/resourceGroups/RG-Networking-Demo/providers/Microsoft.Network/virtualNetworks/hubvnet/subnets/GatewaySubnet",
                "name": "GatewaySubnet",
                "security_group": ""
              },
              {
                "address_prefix": "10.0.10.0/27",
                "id": "/subscriptions/ff04471a-bb4c-4a06-9ff0-fda4c38e5fbd/resourceGroups/RG-Networking-Demo/providers/Microsoft.Network/virtualNetworks/hubvnet/subnets/AzureBastionSubnet",
                "name": "AzureBastionSubnet",
                "security_group": ""
              },
              {
                "address_prefix": "10.0.2.0/24",
                "id": "/subscriptions/ff04471a-bb4c-4a06-9ff0-fda4c38e5fbd/resourceGroups/RG-Networking-Demo/providers/Microsoft.Network/virtualNetworks/hubvnet/subnets/managementsubnet",
                "name": "managementsubnet",
                "security_group": "/subscriptions/ff04471a-bb4c-4a06-9ff0-fda4c38e5fbd/resourceGroups/RG-Networking-Demo/providers/Microsoft.Network/networkSecurityGroups/nsg_mgmt"
              },
              {
                "address_prefix": "10.0.8.0/26",
                "id": "/subscriptions/ff04471a-bb4c-4a06-9ff0-fda4c38e5fbd/resourceGroups/RG-Networking-Demo/providers/Microsoft.Network/virtualNetworks/hubvnet/subnets/AzureFirewallSubnet",
                "name": "AzureFirewallSubnet",
                "security_group": ""
              }
            ],
            "tags": {},
            "timeouts": null
          },
          "private": "eyJlMmJmYjczMC1lY2FhLTExZTYtOGY4OC0zNDM2M2JjN2M0YzAiOnsiY3JlYXRlIjoxODAwMDAwMDAwMDAwLCJkZWxldGUiOjE4MDAwMDAwMDAwMDAsInJlYWQiOjMwMDAwMDAwMDAwMCwidXBkYXRlIjoxODAwMDAwMDAwMDAwfX0=",
          "dependencies": [
            "azurerm_resource_group.rg"
          ]
        }
      ]
    },
    {
      "mode": "managed",
      "type": "azurerm_virtual_network",
      "name": "onpremvnet",
      "provider": "provider.azurerm",
      "instances": [
        {
          "schema_version": 0,
          "attributes": {
            "address_space": [
              "192.168.0.0/16"
            ],
            "ddos_protection_plan": [],
            "dns_servers": [],
            "id": "/subscriptions/ff04471a-bb4c-4a06-9ff0-fda4c38e5fbd/resourceGroups/RG-Networking-Demo/providers/Microsoft.Network/virtualNetworks/onpremvnet",
            "location": "westus",
            "name": "onpremvnet",
            "resource_group_name": "RG-Networking-Demo",
            "subnet": [
              {
                "address_prefix": "192.168.1.0/24",
                "id": "/subscriptions/ff04471a-bb4c-4a06-9ff0-fda4c38e5fbd/resourceGroups/RG-Networking-Demo/providers/Microsoft.Network/virtualNetworks/onpremvnet/subnets/onpremSubnet",
                "name": "onpremSubnet",
                "security_group": ""
              },
              {
                "address_prefix": "192.168.10.0/27",
                "id": "/subscriptions/ff04471a-bb4c-4a06-9ff0-fda4c38e5fbd/resourceGroups/RG-Networking-Demo/providers/Microsoft.Network/virtualNetworks/onpremvnet/subnets/GatewaySubnet",
                "name": "GatewaySubnet",
                "security_group": ""
              }
            ],
            "tags": {},
            "timeouts": null
          },
          "private": "eyJlMmJmYjczMC1lY2FhLTExZTYtOGY4OC0zNDM2M2JjN2M0YzAiOnsiY3JlYXRlIjoxODAwMDAwMDAwMDAwLCJkZWxldGUiOjE4MDAwMDAwMDAwMDAsInJlYWQiOjMwMDAwMDAwMDAwMCwidXBkYXRlIjoxODAwMDAwMDAwMDAwfX0=",
          "dependencies": [
            "azurerm_resource_group.rg"
          ]
        }
      ]
    },
    {
      "mode": "managed",
      "type": "azurerm_virtual_network",
      "name": "spokevnet",
      "provider": "provider.azurerm",
      "instances": [
        {
          "schema_version": 0,
          "attributes": {
            "address_space": [
              "10.1.0.0/16"
            ],
            "ddos_protection_plan": [],
            "dns_servers": [],
            "id": "/subscriptions/ff04471a-bb4c-4a06-9ff0-fda4c38e5fbd/resourceGroups/RG-Networking-Demo/providers/Microsoft.Network/virtualNetworks/spokevnet",
            "location": "westus",
            "name": "spokevnet",
            "resource_group_name": "RG-Networking-Demo",
            "subnet": [
              {
                "address_prefix": "10.1.1.0/24",
                "id": "/subscriptions/ff04471a-bb4c-4a06-9ff0-fda4c38e5fbd/resourceGroups/RG-Networking-Demo/providers/Microsoft.Network/virtualNetworks/spokevnet/subnets/websubnet",
                "name": "websubnet",
                "security_group": "/subscriptions/ff04471a-bb4c-4a06-9ff0-fda4c38e5fbd/resourceGroups/RG-Networking-Demo/providers/Microsoft.Network/networkSecurityGroups/nsg_web"
              }
            ],
            "tags": {},
            "timeouts": null
          },
          "private": "eyJlMmJmYjczMC1lY2FhLTExZTYtOGY4OC0zNDM2M2JjN2M0YzAiOnsiY3JlYXRlIjoxODAwMDAwMDAwMDAwLCJkZWxldGUiOjE4MDAwMDAwMDAwMDAsInJlYWQiOjMwMDAwMDAwMDAwMCwidXBkYXRlIjoxODAwMDAwMDAwMDAwfX0=",
          "dependencies": [
            "azurerm_resource_group.rg"
          ]
        }
      ]
    },
    {
      "mode": "managed",
      "type": "azurerm_virtual_network_gateway",
      "name": "hubvpngw",
      "provider": "provider.azurerm",
      "instances": [
        {
          "schema_version": 0,
          "attributes": {
            "active_active": false,
            "bgp_settings": [
              {
                "asn": 65515,
                "peer_weight": 0,
                "peering_address": "10.0.1.30"
              }
            ],
            "default_local_network_gateway_id": null,
            "enable_bgp": false,
            "generation": "Generation1",
            "id": "/subscriptions/ff04471a-bb4c-4a06-9ff0-fda4c38e5fbd/resourceGroups/RG-Networking-Demo/providers/Microsoft.Network/virtualNetworkGateways/hubvpngw",
            "ip_configuration": [
              {
                "name": "vnetGatewayConfig",
                "private_ip_address_allocation": "Dynamic",
                "public_ip_address_id": "/subscriptions/ff04471a-bb4c-4a06-9ff0-fda4c38e5fbd/resourceGroups/RG-Networking-Demo/providers/Microsoft.Network/publicIPAddresses/hubvpngw-pip",
                "subnet_id": "/subscriptions/ff04471a-bb4c-4a06-9ff0-fda4c38e5fbd/resourceGroups/RG-Networking-Demo/providers/Microsoft.Network/virtualNetworks/hubvnet/subnets/GatewaySubnet"
              }
            ],
            "location": "westus",
            "name": "hubvpngw",
            "resource_group_name": "RG-Networking-Demo",
            "sku": "Basic",
            "tags": {},
            "timeouts": null,
            "type": "Vpn",
            "vpn_client_configuration": [],
            "vpn_type": "RouteBased"
          },
          "private": "eyJlMmJmYjczMC1lY2FhLTExZTYtOGY4OC0zNDM2M2JjN2M0YzAiOnsiY3JlYXRlIjozNjAwMDAwMDAwMDAwLCJkZWxldGUiOjM2MDAwMDAwMDAwMDAsInJlYWQiOjMwMDAwMDAwMDAwMCwidXBkYXRlIjozNjAwMDAwMDAwMDAwfX0=",
          "dependencies": [
            "azurerm_public_ip.hubvpngw-pip",
            "azurerm_resource_group.rg",
            "azurerm_subnet.gatewaysubnet",
            "azurerm_virtual_network.hubvnet"
          ]
        }
      ]
    },
    {
      "mode": "managed",
      "type": "azurerm_virtual_network_gateway",
      "name": "onpremvpngw",
      "provider": "provider.azurerm",
      "instances": [
        {
          "schema_version": 0,
          "attributes": {
            "active_active": false,
            "bgp_settings": [
              {
                "asn": 65515,
                "peer_weight": 0,
                "peering_address": "192.168.10.30"
              }
            ],
            "default_local_network_gateway_id": null,
            "enable_bgp": false,
            "generation": "Generation1",
            "id": "/subscriptions/ff04471a-bb4c-4a06-9ff0-fda4c38e5fbd/resourceGroups/RG-Networking-Demo/providers/Microsoft.Network/virtualNetworkGateways/onpremvpngw",
            "ip_configuration": [
              {
                "name": "vnetGatewayConfig",
                "private_ip_address_allocation": "Dynamic",
                "public_ip_address_id": "/subscriptions/ff04471a-bb4c-4a06-9ff0-fda4c38e5fbd/resourceGroups/RG-Networking-Demo/providers/Microsoft.Network/publicIPAddresses/onpremvpngw-pip",
                "subnet_id": "/subscriptions/ff04471a-bb4c-4a06-9ff0-fda4c38e5fbd/resourceGroups/RG-Networking-Demo/providers/Microsoft.Network/virtualNetworks/onpremvnet/subnets/GatewaySubnet"
              }
            ],
            "location": "westus",
            "name": "onpremvpngw",
            "resource_group_name": "RG-Networking-Demo",
            "sku": "Basic",
            "tags": {},
            "timeouts": null,
            "type": "Vpn",
            "vpn_client_configuration": [],
            "vpn_type": "RouteBased"
          },
          "private": "eyJlMmJmYjczMC1lY2FhLTExZTYtOGY4OC0zNDM2M2JjN2M0YzAiOnsiY3JlYXRlIjozNjAwMDAwMDAwMDAwLCJkZWxldGUiOjM2MDAwMDAwMDAwMDAsInJlYWQiOjMwMDAwMDAwMDAwMCwidXBkYXRlIjozNjAwMDAwMDAwMDAwfX0=",
          "dependencies": [
            "azurerm_public_ip.onpremvpngw-pip",
            "azurerm_resource_group.rg",
            "azurerm_subnet.onpremgatewaysubnet",
            "azurerm_virtual_network.onpremvnet"
          ]
        }
      ]
    },
    {
      "mode": "managed",
      "type": "azurerm_virtual_network_gateway_connection",
      "name": "Hub-to-Onprem-vpn",
      "provider": "provider.azurerm",
      "instances": [
        {
          "schema_version": 0,
          "attributes": {
            "authorization_key": null,
            "connection_protocol": "IKEv2",
            "enable_bgp": false,
            "express_route_circuit_id": null,
            "express_route_gateway_bypass": false,
            "id": "/subscriptions/ff04471a-bb4c-4a06-9ff0-fda4c38e5fbd/resourceGroups/RG-Networking-Demo/providers/Microsoft.Network/connections/Hub-to-Onprem-vpn",
            "ipsec_policy": [],
            "local_network_gateway_id": null,
            "location": "westus",
            "name": "Hub-to-Onprem-vpn",
            "peer_virtual_network_gateway_id": "/subscriptions/ff04471a-bb4c-4a06-9ff0-fda4c38e5fbd/resourceGroups/RG-Networking-Demo/providers/Microsoft.Network/virtualNetworkGateways/onpremvpngw",
            "resource_group_name": "RG-Networking-Demo",
            "routing_weight": 0,
            "shared_key": "4-v3ry-53cr37-1p53c-5h4r3d-k3y",
            "tags": {},
            "timeouts": null,
            "type": "Vnet2Vnet",
            "use_policy_based_traffic_selectors": false,
            "virtual_network_gateway_id": "/subscriptions/ff04471a-bb4c-4a06-9ff0-fda4c38e5fbd/resourceGroups/RG-Networking-Demo/providers/Microsoft.Network/virtualNetworkGateways/hubvpngw"
          },
          "private": "eyJlMmJmYjczMC1lY2FhLTExZTYtOGY4OC0zNDM2M2JjN2M0YzAiOnsiY3JlYXRlIjoxODAwMDAwMDAwMDAwLCJkZWxldGUiOjE4MDAwMDAwMDAwMDAsInJlYWQiOjMwMDAwMDAwMDAwMCwidXBkYXRlIjoxODAwMDAwMDAwMDAwfX0=",
          "dependencies": [
            "azurerm_public_ip.hubvpngw-pip",
            "azurerm_public_ip.onpremvpngw-pip",
            "azurerm_resource_group.rg",
            "azurerm_subnet.gatewaysubnet",
            "azurerm_subnet.onpremgatewaysubnet",
            "azurerm_virtual_network.hubvnet",
            "azurerm_virtual_network.onpremvnet",
            "azurerm_virtual_network_gateway.hubvpngw",
            "azurerm_virtual_network_gateway.onpremvpngw"
          ]
        }
      ]
    },
    {
      "mode": "managed",
      "type": "azurerm_virtual_network_gateway_connection",
      "name": "Onprem-to-hub-vpn",
      "provider": "provider.azurerm",
      "instances": [
        {
          "schema_version": 0,
          "attributes": {
            "authorization_key": null,
            "connection_protocol": "IKEv2",
            "enable_bgp": false,
            "express_route_circuit_id": null,
            "express_route_gateway_bypass": false,
            "id": "/subscriptions/ff04471a-bb4c-4a06-9ff0-fda4c38e5fbd/resourceGroups/RG-Networking-Demo/providers/Microsoft.Network/connections/Onprem-to-hub-vpn",
            "ipsec_policy": [],
            "local_network_gateway_id": null,
            "location": "westus",
            "name": "Onprem-to-hub-vpn",
            "peer_virtual_network_gateway_id": "/subscriptions/ff04471a-bb4c-4a06-9ff0-fda4c38e5fbd/resourceGroups/RG-Networking-Demo/providers/Microsoft.Network/virtualNetworkGateways/hubvpngw",
            "resource_group_name": "RG-Networking-Demo",
            "routing_weight": 0,
            "shared_key": "4-v3ry-53cr37-1p53c-5h4r3d-k3y",
            "tags": {},
            "timeouts": null,
            "type": "Vnet2Vnet",
            "use_policy_based_traffic_selectors": false,
            "virtual_network_gateway_id": "/subscriptions/ff04471a-bb4c-4a06-9ff0-fda4c38e5fbd/resourceGroups/RG-Networking-Demo/providers/Microsoft.Network/virtualNetworkGateways/onpremvpngw"
          },
          "private": "eyJlMmJmYjczMC1lY2FhLTExZTYtOGY4OC0zNDM2M2JjN2M0YzAiOnsiY3JlYXRlIjoxODAwMDAwMDAwMDAwLCJkZWxldGUiOjE4MDAwMDAwMDAwMDAsInJlYWQiOjMwMDAwMDAwMDAwMCwidXBkYXRlIjoxODAwMDAwMDAwMDAwfX0=",
          "dependencies": [
            "azurerm_public_ip.hubvpngw-pip",
            "azurerm_public_ip.onpremvpngw-pip",
            "azurerm_resource_group.rg",
            "azurerm_subnet.gatewaysubnet",
            "azurerm_subnet.onpremgatewaysubnet",
            "azurerm_virtual_network.hubvnet",
            "azurerm_virtual_network.onpremvnet",
            "azurerm_virtual_network_gateway.hubvpngw",
            "azurerm_virtual_network_gateway.onpremvpngw"
          ]
        }
      ]
    },
    {
      "mode": "managed",
      "type": "azurerm_virtual_network_peering",
      "name": "Hub2Spoke",
      "provider": "provider.azurerm",
      "instances": [
        {
          "schema_version": 0,
          "attributes": {
            "allow_forwarded_traffic": true,
            "allow_gateway_transit": true,
            "allow_virtual_network_access": true,
            "id": "/subscriptions/ff04471a-bb4c-4a06-9ff0-fda4c38e5fbd/resourceGroups/RG-Networking-Demo/providers/Microsoft.Network/virtualNetworks/hubvnet/virtualNetworkPeerings/Hub2Spoke",
            "name": "Hub2Spoke",
            "remote_virtual_network_id": "/subscriptions/ff04471a-bb4c-4a06-9ff0-fda4c38e5fbd/resourceGroups/RG-Networking-Demo/providers/Microsoft.Network/virtualNetworks/spokevnet",
            "resource_group_name": "RG-Networking-Demo",
            "timeouts": null,
            "use_remote_gateways": false,
            "virtual_network_name": "hubvnet"
          },
          "private": "eyJlMmJmYjczMC1lY2FhLTExZTYtOGY4OC0zNDM2M2JjN2M0YzAiOnsiY3JlYXRlIjoxODAwMDAwMDAwMDAwLCJkZWxldGUiOjE4MDAwMDAwMDAwMDAsInJlYWQiOjMwMDAwMDAwMDAwMCwidXBkYXRlIjoxODAwMDAwMDAwMDAwfX0=",
          "dependencies": [
            "azurerm_public_ip.hubvpngw-pip",
            "azurerm_public_ip.onpremvpngw-pip",
            "azurerm_resource_group.rg",
            "azurerm_subnet.gatewaysubnet",
            "azurerm_subnet.onpremgatewaysubnet",
            "azurerm_virtual_network.hubvnet",
            "azurerm_virtual_network.onpremvnet",
            "azurerm_virtual_network.spokevnet",
            "azurerm_virtual_network_gateway.hubvpngw",
            "azurerm_virtual_network_gateway.onpremvpngw",
            "azurerm_virtual_network_gateway_connection.Hub-to-Onprem-vpn",
            "azurerm_virtual_network_gateway_connection.Onprem-to-hub-vpn"
          ]
        }
      ]
    },
    {
      "mode": "managed",
      "type": "azurerm_virtual_network_peering",
      "name": "Spoke2Hub",
      "provider": "provider.azurerm",
      "instances": [
        {
          "schema_version": 0,
          "attributes": {
            "allow_forwarded_traffic": true,
            "allow_gateway_transit": false,
            "allow_virtual_network_access": true,
            "id": "/subscriptions/ff04471a-bb4c-4a06-9ff0-fda4c38e5fbd/resourceGroups/RG-Networking-Demo/providers/Microsoft.Network/virtualNetworks/spokevnet/virtualNetworkPeerings/Spoke2Hub",
            "name": "Spoke2Hub",
            "remote_virtual_network_id": "/subscriptions/ff04471a-bb4c-4a06-9ff0-fda4c38e5fbd/resourceGroups/RG-Networking-Demo/providers/Microsoft.Network/virtualNetworks/hubvnet",
            "resource_group_name": "RG-Networking-Demo",
            "timeouts": null,
            "use_remote_gateways": true,
            "virtual_network_name": "spokevnet"
          },
          "private": "eyJlMmJmYjczMC1lY2FhLTExZTYtOGY4OC0zNDM2M2JjN2M0YzAiOnsiY3JlYXRlIjoxODAwMDAwMDAwMDAwLCJkZWxldGUiOjE4MDAwMDAwMDAwMDAsInJlYWQiOjMwMDAwMDAwMDAwMCwidXBkYXRlIjoxODAwMDAwMDAwMDAwfX0=",
          "dependencies": [
            "azurerm_public_ip.hubvpngw-pip",
            "azurerm_public_ip.onpremvpngw-pip",
            "azurerm_resource_group.rg",
            "azurerm_subnet.gatewaysubnet",
            "azurerm_subnet.onpremgatewaysubnet",
            "azurerm_virtual_network.hubvnet",
            "azurerm_virtual_network.onpremvnet",
            "azurerm_virtual_network.spokevnet",
            "azurerm_virtual_network_gateway.hubvpngw",
            "azurerm_virtual_network_gateway.onpremvpngw",
            "azurerm_virtual_network_gateway_connection.Hub-to-Onprem-vpn",
            "azurerm_virtual_network_gateway_connection.Onprem-to-hub-vpn"
          ]
        }
      ]
    },
    {
      "mode": "managed",
      "type": "azurerm_windows_virtual_machine",
      "name": "vmhub",
      "provider": "provider.azurerm",
      "instances": [
        {
          "schema_version": 0,
          "attributes": {
            "additional_capabilities": [],
            "additional_unattend_content": [],
            "admin_password": "YourComplexPasswordwith12char",
            "admin_username": "yuhattor",
            "allow_extension_operations": true,
            "availability_set_id": "",
            "boot_diagnostics": [],
            "computer_name": "azmngserver1",
            "custom_data": null,
            "dedicated_host_id": "",
            "enable_automatic_updates": true,
            "eviction_policy": "",
            "id": "/subscriptions/ff04471a-bb4c-4a06-9ff0-fda4c38e5fbd/resourceGroups/RG-Networking-Demo/providers/Microsoft.Compute/virtualMachines/azmngserver1",
            "identity": [],
            "license_type": "",
            "location": "westus",
            "max_bid_price": -1,
            "name": "azmngserver1",
            "network_interface_ids": [
              "/subscriptions/ff04471a-bb4c-4a06-9ff0-fda4c38e5fbd/resourceGroups/RG-Networking-Demo/providers/Microsoft.Network/networkInterfaces/azmngserver1-nic01"
            ],
            "os_disk": [
              {
                "caching": "ReadWrite",
                "diff_disk_settings": [],
                "disk_encryption_set_id": "",
                "disk_size_gb": 127,
                "name": "azmngserver1_OsDisk_1_ca354ba5290a444eac14df025a7f0a33",
                "storage_account_type": "Standard_LRS",
                "write_accelerator_enabled": false
              }
            ],
            "plan": [],
            "priority": "Regular",
            "private_ip_address": "10.0.2.4",
            "private_ip_addresses": [
              "10.0.2.4"
            ],
            "provision_vm_agent": true,
            "proximity_placement_group_id": "",
            "public_ip_address": "",
            "public_ip_addresses": [],
            "resource_group_name": "RG-Networking-Demo",
            "secret": [],
            "size": "Standard_D2s_v3",
            "source_image_id": "",
            "source_image_reference": [
              {
                "offer": "WindowsServer",
                "publisher": "MicrosoftWindowsServer",
                "sku": "2019-Datacenter",
                "version": "latest"
              }
            ],
            "tags": null,
            "timeouts": null,
            "timezone": "",
            "virtual_machine_id": "f9a15712-5eb1-4677-95b0-3b38bf06da64",
            "winrm_listener": [],
            "zone": ""
          },
          "private": "eyJlMmJmYjczMC1lY2FhLTExZTYtOGY4OC0zNDM2M2JjN2M0YzAiOnsiY3JlYXRlIjoyNzAwMDAwMDAwMDAwLCJkZWxldGUiOjI3MDAwMDAwMDAwMDAsInJlYWQiOjMwMDAwMDAwMDAwMCwidXBkYXRlIjoyNzAwMDAwMDAwMDAwfX0=",
          "dependencies": [
            "azurerm_network_interface.nichub",
            "azurerm_resource_group.rg"
          ]
        }
      ]
    },
    {
      "mode": "managed",
      "type": "azurerm_windows_virtual_machine",
      "name": "vmop",
      "provider": "provider.azurerm",
      "instances": [
        {
          "schema_version": 0,
          "attributes": {
            "additional_capabilities": [],
            "additional_unattend_content": [],
            "admin_password": "YourComplexPasswordwith12char",
            "admin_username": "yuhattor",
            "allow_extension_operations": true,
            "availability_set_id": "",
            "boot_diagnostics": [],
            "computer_name": "onpremserver1",
            "custom_data": null,
            "dedicated_host_id": "",
            "enable_automatic_updates": true,
            "eviction_policy": "",
            "id": "/subscriptions/ff04471a-bb4c-4a06-9ff0-fda4c38e5fbd/resourceGroups/RG-Networking-Demo/providers/Microsoft.Compute/virtualMachines/onpremserver1",
            "identity": [],
            "license_type": "",
            "location": "westus",
            "max_bid_price": -1,
            "name": "onpremserver1",
            "network_interface_ids": [
              "/subscriptions/ff04471a-bb4c-4a06-9ff0-fda4c38e5fbd/resourceGroups/RG-Networking-Demo/providers/Microsoft.Network/networkInterfaces/onpremserver1-nic01"
            ],
            "os_disk": [
              {
                "caching": "ReadWrite",
                "diff_disk_settings": [],
                "disk_encryption_set_id": "",
                "disk_size_gb": 127,
                "name": "onpremserver1_OsDisk_1_78a99fd70b634321a5228a49b9fd7e5e",
                "storage_account_type": "Standard_LRS",
                "write_accelerator_enabled": false
              }
            ],
            "plan": [],
            "priority": "Regular",
            "private_ip_address": "192.168.1.4",
            "private_ip_addresses": [
              "192.168.1.4"
            ],
            "provision_vm_agent": true,
            "proximity_placement_group_id": "",
            "public_ip_address": "",
            "public_ip_addresses": [],
            "resource_group_name": "RG-Networking-Demo",
            "secret": [],
            "size": "Standard_D2s_v3",
            "source_image_id": "",
            "source_image_reference": [
              {
                "offer": "WindowsServer",
                "publisher": "MicrosoftWindowsServer",
                "sku": "2019-Datacenter",
                "version": "latest"
              }
            ],
            "tags": null,
            "timeouts": null,
            "timezone": "",
            "virtual_machine_id": "cd4db514-a11a-40be-8cb0-fc1a886d7d0c",
            "winrm_listener": [],
            "zone": ""
          },
          "private": "eyJlMmJmYjczMC1lY2FhLTExZTYtOGY4OC0zNDM2M2JjN2M0YzAiOnsiY3JlYXRlIjoyNzAwMDAwMDAwMDAwLCJkZWxldGUiOjI3MDAwMDAwMDAwMDAsInJlYWQiOjMwMDAwMDAwMDAwMCwidXBkYXRlIjoyNzAwMDAwMDAwMDAwfX0=",
          "dependencies": [
            "azurerm_network_interface.nicop",
            "azurerm_resource_group.rg"
          ]
        }
      ]
    },
    {
      "mode": "managed",
      "type": "azurerm_windows_virtual_machine",
      "name": "vmspoke",
      "each": "list",
      "provider": "provider.azurerm",
      "instances": [
        {
          "index_key": 0,
          "schema_version": 0,
          "attributes": {
            "additional_capabilities": [],
            "additional_unattend_content": [],
            "admin_password": "YourComplexPasswordwith12char",
            "admin_username": "yuhattor",
            "allow_extension_operations": true,
            "availability_set_id": "/subscriptions/ff04471a-bb4c-4a06-9ff0-fda4c38e5fbd/resourceGroups/RG-Networking-Demo/providers/Microsoft.Compute/availabilitySets/VMAVSET-SPOKEVM",
            "boot_diagnostics": [],
            "computer_name": "azwsserver0",
            "custom_data": null,
            "dedicated_host_id": "",
            "enable_automatic_updates": true,
            "eviction_policy": "",
            "id": "/subscriptions/ff04471a-bb4c-4a06-9ff0-fda4c38e5fbd/resourceGroups/RG-Networking-Demo/providers/Microsoft.Compute/virtualMachines/azwsserver0",
            "identity": [],
            "license_type": "",
            "location": "westus",
            "max_bid_price": -1,
            "name": "azwsserver0",
            "network_interface_ids": [
              "/subscriptions/ff04471a-bb4c-4a06-9ff0-fda4c38e5fbd/resourceGroups/RG-Networking-Demo/providers/Microsoft.Network/networkInterfaces/azwsserver-NIC0"
            ],
            "os_disk": [
              {
                "caching": "ReadWrite",
                "diff_disk_settings": [],
                "disk_encryption_set_id": "",
                "disk_size_gb": 127,
                "name": "azwsserver0_OsDisk_1_ed4960256a484b0298ef46f153edbe09",
                "storage_account_type": "Standard_LRS",
                "write_accelerator_enabled": false
              }
            ],
            "plan": [],
            "priority": "Regular",
            "private_ip_address": "10.1.1.4",
            "private_ip_addresses": [
              "10.1.1.4"
            ],
            "provision_vm_agent": true,
            "proximity_placement_group_id": "",
            "public_ip_address": "",
            "public_ip_addresses": [],
            "resource_group_name": "RG-Networking-Demo",
            "secret": [],
            "size": "Standard_D2s_v3",
            "source_image_id": "",
            "source_image_reference": [
              {
                "offer": "WindowsServer",
                "publisher": "MicrosoftWindowsServer",
                "sku": "2019-Datacenter",
                "version": "latest"
              }
            ],
            "tags": null,
            "timeouts": null,
            "timezone": "",
            "virtual_machine_id": "2e87370b-2282-4e32-8132-cd3a92ae8a63",
            "winrm_listener": [],
            "zone": ""
          },
          "private": "eyJlMmJmYjczMC1lY2FhLTExZTYtOGY4OC0zNDM2M2JjN2M0YzAiOnsiY3JlYXRlIjoyNzAwMDAwMDAwMDAwLCJkZWxldGUiOjI3MDAwMDAwMDAwMDAsInJlYWQiOjMwMDAwMDAwMDAwMCwidXBkYXRlIjoyNzAwMDAwMDAwMDAwfX0=",
          "dependencies": [
            "azurerm_availability_set.avset",
            "azurerm_network_interface.nic",
            "azurerm_resource_group.rg"
          ]
        },
        {
          "index_key": 1,
          "schema_version": 0,
          "attributes": {
            "additional_capabilities": [],
            "additional_unattend_content": [],
            "admin_password": "YourComplexPasswordwith12char",
            "admin_username": "yuhattor",
            "allow_extension_operations": true,
            "availability_set_id": "/subscriptions/ff04471a-bb4c-4a06-9ff0-fda4c38e5fbd/resourceGroups/RG-Networking-Demo/providers/Microsoft.Compute/availabilitySets/VMAVSET-SPOKEVM",
            "boot_diagnostics": [],
            "computer_name": "azwsserver1",
            "custom_data": null,
            "dedicated_host_id": "",
            "enable_automatic_updates": true,
            "eviction_policy": "",
            "id": "/subscriptions/ff04471a-bb4c-4a06-9ff0-fda4c38e5fbd/resourceGroups/RG-Networking-Demo/providers/Microsoft.Compute/virtualMachines/azwsserver1",
            "identity": [],
            "license_type": "",
            "location": "westus",
            "max_bid_price": -1,
            "name": "azwsserver1",
            "network_interface_ids": [
              "/subscriptions/ff04471a-bb4c-4a06-9ff0-fda4c38e5fbd/resourceGroups/RG-Networking-Demo/providers/Microsoft.Network/networkInterfaces/azwsserver-NIC1"
            ],
            "os_disk": [
              {
                "caching": "ReadWrite",
                "diff_disk_settings": [],
                "disk_encryption_set_id": "",
                "disk_size_gb": 127,
                "name": "azwsserver1_OsDisk_1_b255fd71e6304b149b4ccb48fb3468cb",
                "storage_account_type": "Standard_LRS",
                "write_accelerator_enabled": false
              }
            ],
            "plan": [],
            "priority": "Regular",
            "private_ip_address": "10.1.1.5",
            "private_ip_addresses": [
              "10.1.1.5"
            ],
            "provision_vm_agent": true,
            "proximity_placement_group_id": "",
            "public_ip_address": "",
            "public_ip_addresses": [],
            "resource_group_name": "RG-Networking-Demo",
            "secret": [],
            "size": "Standard_D2s_v3",
            "source_image_id": "",
            "source_image_reference": [
              {
                "offer": "WindowsServer",
                "publisher": "MicrosoftWindowsServer",
                "sku": "2019-Datacenter",
                "version": "latest"
              }
            ],
            "tags": null,
            "timeouts": null,
            "timezone": "",
            "virtual_machine_id": "508d5615-1598-4210-90b9-a2aa501c84d2",
            "winrm_listener": [],
            "zone": ""
          },
          "private": "eyJlMmJmYjczMC1lY2FhLTExZTYtOGY4OC0zNDM2M2JjN2M0YzAiOnsiY3JlYXRlIjoyNzAwMDAwMDAwMDAwLCJkZWxldGUiOjI3MDAwMDAwMDAwMDAsInJlYWQiOjMwMDAwMDAwMDAwMCwidXBkYXRlIjoyNzAwMDAwMDAwMDAwfX0=",
          "dependencies": [
            "azurerm_availability_set.avset",
            "azurerm_network_interface.nic",
            "azurerm_resource_group.rg"
          ]
        }
      ]
    },
    {
      "mode": "managed",
      "type": "random_id",
      "name": "randomId",
      "provider": "provider.random",
      "instances": [
        {
          "schema_version": 0,
          "attributes": {
            "b64": "5awVjj3aH0A",
            "b64_std": "5awVjj3aH0A=",
            "b64_url": "5awVjj3aH0A",
            "byte_length": 8,
            "dec": "16549626431346974528",
            "hex": "e5ac158e3dda1f40",
            "id": "5awVjj3aH0A",
            "keepers": {
              "resource_group": "RG-Networking-Demo"
            },
            "prefix": null
          },
          "private": "bnVsbA==",
          "dependencies": [
            "azurerm_resource_group.rg"
          ]
        }
      ]
    }
  ]
}
